PODS:
  - Alamofire (4.9.1)
  - Apollo (0.20.0):
    - Apollo/Core (= 0.20.0)
  - Apollo/Core (0.20.0)
  - Apollo/WebSocket (0.20.0):
    - Apollo/Core
    - Starscream (= 3.1.1)
  - Differentiator (4.0.1)
  - Firebase/Core (6.17.0):
    - Firebase/CoreOnly
    - FirebaseAnalytics (= 6.2.2)
  - Firebase/CoreOnly (6.17.0):
    - FirebaseCore (= 6.6.2)
  - Firebase/Messaging (6.17.0):
    - Firebase/CoreOnly
    - FirebaseMessaging (~> 4.2.1)
  - FirebaseAnalytics (6.2.2):
    - FirebaseCore (~> 6.6)
    - FirebaseInstanceID (~> 4.3)
    - GoogleAppMeasurement (= 6.2.2)
    - GoogleUtilities/AppDelegateSwizzler (~> 6.0)
    - GoogleUtilities/MethodSwizzler (~> 6.0)
    - GoogleUtilities/Network (~> 6.0)
    - "GoogleUtilities/NSData+zlib (~> 6.0)"
    - nanopb (= 0.3.9011)
  - FirebaseAnalyticsInterop (1.5.0)
  - FirebaseCore (6.6.2):
    - FirebaseCoreDiagnostics (~> 1.2)
    - FirebaseCoreDiagnosticsInterop (~> 1.2)
    - GoogleUtilities/Environment (~> 6.5)
    - GoogleUtilities/Logger (~> 6.5)
  - FirebaseCoreDiagnostics (1.2.0):
    - FirebaseCoreDiagnosticsInterop (~> 1.2)
    - GoogleDataTransportCCTSupport (~> 1.3)
    - GoogleUtilities/Environment (~> 6.5)
    - GoogleUtilities/Logger (~> 6.5)
    - nanopb (~> 0.3.901)
  - FirebaseCoreDiagnosticsInterop (1.2.0)
  - FirebaseInstallations (1.1.0):
    - FirebaseCore (~> 6.6)
    - GoogleUtilities/UserDefaults (~> 6.5)
    - PromisesObjC (~> 1.2)
  - FirebaseInstanceID (4.3.1):
    - FirebaseCore (~> 6.6)
    - FirebaseInstallations (~> 1.0)
    - GoogleUtilities/Environment (~> 6.5)
    - GoogleUtilities/UserDefaults (~> 6.5)
  - FirebaseMessaging (4.2.1):
    - FirebaseAnalyticsInterop (~> 1.5)
    - FirebaseCore (~> 6.6)
    - FirebaseInstanceID (~> 4.3)
    - GoogleUtilities/AppDelegateSwizzler (~> 6.5)
    - GoogleUtilities/Environment (~> 6.5)
    - GoogleUtilities/Reachability (~> 6.5)
    - GoogleUtilities/UserDefaults (~> 6.5)
    - Protobuf (>= 3.9.2, ~> 3.9)
  - GoogleAppMeasurement (6.2.2):
    - GoogleUtilities/AppDelegateSwizzler (~> 6.0)
    - GoogleUtilities/MethodSwizzler (~> 6.0)
    - GoogleUtilities/Network (~> 6.0)
    - "GoogleUtilities/NSData+zlib (~> 6.0)"
    - nanopb (= 0.3.9011)
  - GoogleDataTransport (4.0.0)
  - GoogleDataTransportCCTSupport (1.4.0):
    - GoogleDataTransport (~> 4.0)
    - nanopb (~> 0.3.901)
  - GoogleUtilities/AppDelegateSwizzler (6.5.1):
    - GoogleUtilities/Environment
    - GoogleUtilities/Logger
    - GoogleUtilities/Network
  - GoogleUtilities/Environment (6.5.1)
  - GoogleUtilities/Logger (6.5.1):
    - GoogleUtilities/Environment
  - GoogleUtilities/MethodSwizzler (6.5.1):
    - GoogleUtilities/Logger
  - GoogleUtilities/Network (6.5.1):
    - GoogleUtilities/Logger
    - "GoogleUtilities/NSData+zlib"
    - GoogleUtilities/Reachability
  - "GoogleUtilities/NSData+zlib (6.5.1)"
  - GoogleUtilities/Reachability (6.5.1):
    - GoogleUtilities/Logger
  - GoogleUtilities/UserDefaults (6.5.1):
    - GoogleUtilities/Logger
  - Kingfisher (5.13.0):
    - Kingfisher/Core (= 5.13.0)
  - Kingfisher/Core (5.13.0)
  - lottie-ios (3.1.6)
  - nanopb (0.3.9011):
    - nanopb/decode (= 0.3.9011)
    - nanopb/encode (= 0.3.9011)
  - nanopb/decode (0.3.9011)
  - nanopb/encode (0.3.9011)
  - PromisesObjC (1.2.8)
  - Protobuf (3.11.4)
  - Realm (4.3.1):
    - Realm/Headers (= 4.3.1)
  - Realm/Headers (4.3.1)
  - RealmSwift (4.3.1):
    - Realm (= 4.3.1)
  - RxCocoa (5.0.1):
    - RxRelay (~> 5)
    - RxSwift (~> 5)
  - RxDataSources (4.0.1):
    - Differentiator (~> 4.0)
    - RxCocoa (~> 5.0)
    - RxSwift (~> 5.0)
  - RxGesture (3.0.1):
    - RxCocoa (~> 5.0)
    - RxSwift (~> 5.0)
  - RxRealm (2.0.0):
    - RealmSwift (~> 4.0)
    - RxSwift (~> 5.0)
  - RxRelay (5.0.1):
    - RxSwift (~> 5)
  - RxSwift (5.0.1)
  - Siren (5.3.0)
  - SkyFloatingLabelTextField (3.8.0)
  - SnapKit (5.0.1)
  - Starscream (3.1.1)
  - SwiftyJSON (5.0.0)

DEPENDENCIES:
  - Alamofire
  - Apollo (= 0.20.0)
  - Apollo/WebSocket
  - Firebase/Core
  - Firebase/Messaging
  - Kingfisher
  - lottie-ios
  - RealmSwift
  - RxCocoa (~> 5)
  - RxDataSources (~> 4.0)
  - RxGesture
  - RxRealm
  - RxSwift (~> 5)
  - Siren
  - SkyFloatingLabelTextField
  - SnapKit
  - SwiftyJSON

SPEC REPOS:
  trunk:
    - Alamofire
    - Apollo
    - Differentiator
    - Firebase
    - FirebaseAnalytics
    - FirebaseAnalyticsInterop
    - FirebaseCore
    - FirebaseCoreDiagnostics
    - FirebaseCoreDiagnosticsInterop
    - FirebaseInstallations
    - FirebaseInstanceID
    - FirebaseMessaging
    - GoogleAppMeasurement
    - GoogleDataTransport
    - GoogleDataTransportCCTSupport
    - GoogleUtilities
    - Kingfisher
    - lottie-ios
    - nanopb
    - PromisesObjC
    - Protobuf
    - Realm
    - RealmSwift
    - RxCocoa
    - RxDataSources
    - RxGesture
    - RxRealm
    - RxRelay
    - RxSwift
    - Siren
    - SkyFloatingLabelTextField
    - SnapKit
    - Starscream
    - SwiftyJSON

SPEC CHECKSUMS:
  Alamofire: 85e8a02c69d6020a0d734f6054870d7ecb75cf18
  Apollo: 46b40c7023c1d49f2220a0364cdff8829674d9d3
  Differentiator: 886080237d9f87f322641dedbc5be257061b0602
  Firebase: 2672e5636b42f977177716317e68346ae5e9de25
  FirebaseAnalytics: cf95d3aab897612783020fbd98401d5366f135ee
  FirebaseAnalyticsInterop: 3f86269c38ae41f47afeb43ebf32a001f58fcdae
  FirebaseCore: a1dd9dd6355a8356dd30a8f076839e242285a81c
  FirebaseCoreDiagnostics: 5e78803ab276bc5b50340e3c539c06c3de35c649
  FirebaseCoreDiagnosticsInterop: 296e2c5f5314500a850ad0b83e9e7c10b011a850
  FirebaseInstallations: 575cd32f2aec0feeb0e44f5d0110a09e5e60b47b
  FirebaseInstanceID: 031d7d0c8e7b5c030bbeb4d2a690550375e83fec
  FirebaseMessaging: 9e23f9d603b1fb71ccbeb48d79bf0d4ba0272c84
  GoogleAppMeasurement: d0560d915abf15e692e8538ba1d58442217b6aff
  GoogleDataTransport: 47fe3b8e1673e5187dfd615656a3c5034f150d69
  GoogleDataTransportCCTSupport: 36f69887fd212db6d7ef4dd45ba44523717a434e
  GoogleUtilities: 06eb53bb579efe7099152735900dd04bf09e7275
  Kingfisher: 0d334cada987fcddbe9b5cec516406e1ee9d4748
  lottie-ios: 85ce835dd8c53e02509f20729fc7d6a4e6645a0a
  nanopb: 18003b5e52dab79db540fe93fe9579f399bd1ccd
  PromisesObjC: c119f3cd559f50b7ae681fa59dc1acd19173b7e6
  Protobuf: 176220c526ad8bd09ab1fb40a978eac3fef665f7
  Realm: 31dc40934081ef740f60feedc46d88473cbfeb40
  RealmSwift: b5199e9a41f67b99f51acf6874a6166f5fbe93d1
  RxCocoa: e741b9749968e8a143e2b787f1dfbff2b63d0a5c
  RxDataSources: efee07fa4de48477eca0a4611e6d11e2da9c1114
  RxGesture: a3f8dd6adf078110ed5e1c9c30d09d705a09852e
  RxRealm: 900f5c7e6f0a2d6527b56eaf7283f3035ec1e8ba
  RxRelay: 89d54507f4fd4d969e6ec1d4bd7f3673640b4640
  RxSwift: e2dc62b366a3adf6a0be44ba9f405efd4c94e0c4
  Siren: 9262e383365dcf41a75c2b4a42fc01c576a0363a
  SkyFloatingLabelTextField: 5a338412114808e961fe2d14ea2c5452c8b6e4aa
  SnapKit: 97b92857e3df3a0c71833cce143274bf6ef8e5eb
  Starscream: 4bb2f9942274833f7b4d296a55504dcfc7edb7b0
  SwiftyJSON: 36413e04c44ee145039d332b4f4e2d3e8d6c4db7

PODFILE CHECKSUM: 6c6242c81abeb018e5fb8115a08068cb179d20ee

COCOAPODS: 1.8.4
