// !$*UTF8*$!
{
	archiveVersion = 1;
	classes = {
	};
	objectVersion = 51;
	objects = {

/* Begin PBXBuildFile section */
		56611547AFA62ECD403A81D3 /* Pods_Plug.framework in Frameworks */ = {isa = PBXBuildFile; fileRef = C95E6B84EAAB476DF8BC3F42 /* Pods_Plug.framework */; };
		ED0A2CC6220717F50035B887 /* PlugIndicator.swift in Sources */ = {isa = PBXBuildFile; fileRef = ED0A2CC5220717F50035B887 /* PlugIndicator.swift */; };
		ED0A2CC8220730600035B887 /* KakaoOpenSDK.framework in Frameworks */ = {isa = PBXBuildFile; fileRef = ED0A2CC7220730600035B887 /* KakaoOpenSDK.framework */; };
		ED0E65DB225CAE3500D25E0D /* Constants.swift in Sources */ = {isa = PBXBuildFile; fileRef = ED0E65DA225CAE3500D25E0D /* Constants.swift */; };
		ED1F586B21EA0BF000126A07 /* MessageManager.swift in Sources */ = {isa = PBXBuildFile; fileRef = ED1F586A21EA0BF000126A07 /* MessageManager.swift */; };
		ED1FB5AC217E00880075C4CE /* WideButton.swift in Sources */ = {isa = PBXBuildFile; fileRef = ED1FB5AB217E00880075C4CE /* WideButton.swift */; };
		ED1FB5AE217E019F0075C4CE /* UIFont+Additions.swift in Sources */ = {isa = PBXBuildFile; fileRef = ED1FB5AD217E019F0075C4CE /* UIFont+Additions.swift */; };
		ED1FB5B0217E05240075C4CE /* MNFunction.swift in Sources */ = {isa = PBXBuildFile; fileRef = ED1FB5AF217E05240075C4CE /* MNFunction.swift */; };
		ED1FB5B4217E0BAB0075C4CE /* Chat.storyboard in Resources */ = {isa = PBXBuildFile; fileRef = ED1FB5B3217E0BAB0075C4CE /* Chat.storyboard */; };
		ED2108DD2353753F00E38493 /* ChatListVC.swift in Sources */ = {isa = PBXBuildFile; fileRef = ED2108DC2353753F00E38493 /* ChatListVC.swift */; };
		ED3CF409220A96F100356230 /* GoogleService-Info.plist in Resources */ = {isa = PBXBuildFile; fileRef = ED3CF408220A96F100356230 /* GoogleService-Info.plist */; };
		ED3D980721A05E6300B61748 /* Note.storyboard in Resources */ = {isa = PBXBuildFile; fileRef = ED3D980621A05E6300B61748 /* Note.storyboard */; };
		ED3D980D21A060E000B61748 /* NoteModel.swift in Sources */ = {isa = PBXBuildFile; fileRef = ED3D980C21A060E000B61748 /* NoteModel.swift */; };
		ED3D981121A111CD00B61748 /* StartVC.swift in Sources */ = {isa = PBXBuildFile; fileRef = ED3D981021A111CD00B61748 /* StartVC.swift */; };
		ED3E6A4321CF501800C28403 /* Setting.storyboard in Resources */ = {isa = PBXBuildFile; fileRef = ED3E6A4221CF501800C28403 /* Setting.storyboard */; };
		ED3E6A4821CF570400C28403 /* PlugClassCell.xib in Resources */ = {isa = PBXBuildFile; fileRef = ED3E6A4721CF570400C28403 /* PlugClassCell.xib */; };
		ED4750FA21EC76360043FD18 /* MessageSummary.swift in Sources */ = {isa = PBXBuildFile; fileRef = ED4750F921EC76360043FD18 /* MessageSummary.swift */; };
		ED4750FC21ECB6540043FD18 /* indicator.json in Resources */ = {isa = PBXBuildFile; fileRef = ED4750FB21ECB6540043FD18 /* indicator.json */; };
		ED5D58D221B3D3D8001EB2A2 /* Network.swift in Sources */ = {isa = PBXBuildFile; fileRef = ED5D58D121B3D3D8001EB2A2 /* Network.swift */; };
		ED71B6B42219359400AC21FF /* licenses.json in Resources */ = {isa = PBXBuildFile; fileRef = ED71B6B32219359400AC21FF /* licenses.json */; };
		ED7D59C921B3D89D0029E80A /* Queries.graphql in Resources */ = {isa = PBXBuildFile; fileRef = ED7D59C821B3D89D0029E80A /* Queries.graphql */; };
		ED7D59CD21B3DCA90029E80A /* Queries.swift in Sources */ = {isa = PBXBuildFile; fileRef = ED7D59CC21B3DCA90029E80A /* Queries.swift */; };
		ED7D59D121B3FEAE0029E80A /* API.swift in Sources */ = {isa = PBXBuildFile; fileRef = ED7D59D021B3FEAE0029E80A /* API.swift */; };
		ED7D59D521B6985D0029E80A /* UserInfo.swift in Sources */ = {isa = PBXBuildFile; fileRef = ED7D59D421B6985D0029E80A /* UserInfo.swift */; };
		ED8C492D23EC47CA00443477 /* PlugViewControllerWithButton.swift in Sources */ = {isa = PBXBuildFile; fileRef = ED8C492C23EC47CA00443477 /* PlugViewControllerWithButton.swift */; };
		ED8C492E23EC4AD300443477 /* ChatVC.swift in Sources */ = {isa = PBXBuildFile; fileRef = EDF609B921B7915500CB3529 /* ChatVC.swift */; };
		ED8C492F23EC4AED00443477 /* Secret.swift in Sources */ = {isa = PBXBuildFile; fileRef = ED7D59D221B43BBE0029E80A /* Secret.swift */; };
		ED8C493023EC4B1E00443477 /* PlugCronParser.swift in Sources */ = {isa = PBXBuildFile; fileRef = ED8C47E221DA4D230065EC7E /* PlugCronParser.swift */; };
		ED8C493123EC4B4000443477 /* WebVC.swift in Sources */ = {isa = PBXBuildFile; fileRef = ED71B6AE220FE35A00AC21FF /* WebVC.swift */; };
		ED8C493223EC4B4F00443477 /* Validator.swift in Sources */ = {isa = PBXBuildFile; fileRef = ED1F586221E09A2500126A07 /* Validator.swift */; };
		EDA29FF4223A750700C1EA1E /* FBLogger.swift in Sources */ = {isa = PBXBuildFile; fileRef = EDA29FF3223A750700C1EA1E /* FBLogger.swift */; };
		EDADF85F239BFBD500C1D5B6 /* Spoqa Han Sans Regular.ttf in Resources */ = {isa = PBXBuildFile; fileRef = EDADF85B239BFBD200C1D5B6 /* Spoqa Han Sans Regular.ttf */; };
		EDADF860239BFBD500C1D5B6 /* Spoqa Han Sans Light.ttf in Resources */ = {isa = PBXBuildFile; fileRef = EDADF85C239BFBD300C1D5B6 /* Spoqa Han Sans Light.ttf */; };
		EDADF861239BFBD500C1D5B6 /* Spoqa Han Sans Thin.ttf in Resources */ = {isa = PBXBuildFile; fileRef = EDADF85D239BFBD300C1D5B6 /* Spoqa Han Sans Thin.ttf */; };
		EDADF862239BFBD500C1D5B6 /* Spoqa Han Sans Bold.ttf in Resources */ = {isa = PBXBuildFile; fileRef = EDADF85E239BFBD400C1D5B6 /* Spoqa Han Sans Bold.ttf */; };
		EDBE948F23DC534A000D81AA /* ChatroomIdentity.swift in Sources */ = {isa = PBXBuildFile; fileRef = EDBE948E23DC534A000D81AA /* ChatroomIdentity.swift */; };
		EDC1CD3823EAE61C006ED196 /* MainVC.swift in Sources */ = {isa = PBXBuildFile; fileRef = EDC1CD3723EAE61C006ED196 /* MainVC.swift */; };
		EDC1CD3B23EAFA5F006ED196 /* LoginVC.swift in Sources */ = {isa = PBXBuildFile; fileRef = EDC1CD3A23EAFA5F006ED196 /* LoginVC.swift */; };
		EDD3A851226C869B006E342A /* ViewController.swift in Sources */ = {isa = PBXBuildFile; fileRef = EDE731DB217B4E7000D302DF /* ViewController.swift */; };
		EDD3A852226C869B006E342A /* JoinRoomVC.swift in Sources */ = {isa = PBXBuildFile; fileRef = ED4750F121EA7C0C0043FD18 /* JoinRoomVC.swift */; };
		EDD3A853226C869B006E342A /* MessageManager.swift in Sources */ = {isa = PBXBuildFile; fileRef = ED1F586A21EA0BF000126A07 /* MessageManager.swift */; };
		EDD3A854226C869B006E342A /* Secret.swift in Sources */ = {isa = PBXBuildFile; fileRef = ED7D59D221B43BBE0029E80A /* Secret.swift */; };
		EDD3A855226C869B006E342A /* OutClassVC.swift in Sources */ = {isa = PBXBuildFile; fileRef = ED1F586021DE29C100126A07 /* OutClassVC.swift */; };
		EDD3A856226C869B006E342A /* JoinVC.swift in Sources */ = {isa = PBXBuildFile; fileRef = EDAE3A4F217E15BA0015EAF2 /* JoinVC.swift */; };
		EDD3A857226C869B006E342A /* SecretVC.swift in Sources */ = {isa = PBXBuildFile; fileRef = ED1F586421E1CF5F00126A07 /* SecretVC.swift */; };
		EDD3A858226C869B006E342A /* ViewController+Extensions.swift in Sources */ = {isa = PBXBuildFile; fileRef = EDE731EF217C20A600D302DF /* ViewController+Extensions.swift */; };
		EDD3A859226C869B006E342A /* AppDelegate.swift in Sources */ = {isa = PBXBuildFile; fileRef = EDE731D9217B4E7000D302DF /* AppDelegate.swift */; };
		EDD3A85A226C869B006E342A /* CreateClassVC2.swift in Sources */ = {isa = PBXBuildFile; fileRef = EDB373E6218ED85100F4A8BF /* CreateClassVC2.swift */; };
		EDD3A85B226C869B006E342A /* PlugClassCell.swift in Sources */ = {isa = PBXBuildFile; fileRef = ED3E6A4921CF57B300C28403 /* PlugClassCell.swift */; };
		EDD3A85C226C869B006E342A /* kidVC.swift in Sources */ = {isa = PBXBuildFile; fileRef = ED4750F321EA80190043FD18 /* kidVC.swift */; };
		EDD3A85D226C869B006E342A /* ProfileImageVC.swift in Sources */ = {isa = PBXBuildFile; fileRef = EDAE3A53217E37B60015EAF2 /* ProfileImageVC.swift */; };
		EDD3A85E226C869B006E342A /* Queries.swift in Sources */ = {isa = PBXBuildFile; fileRef = ED7D59CC21B3DCA90029E80A /* Queries.swift */; };
		EDD3A85F226C869B006E342A /* Strings.swift in Sources */ = {isa = PBXBuildFile; fileRef = EDE731ED217C1D3E00D302DF /* Strings.swift */; };
		EDD3A860226C869B006E342A /* NoteMainVC.swift in Sources */ = {isa = PBXBuildFile; fileRef = ED3D980921A05FE100B61748 /* NoteMainVC.swift */; };
		EDD3A861226C869B006E342A /* UIViewExtensions.swift in Sources */ = {isa = PBXBuildFile; fileRef = EDF609BD21BA5BE600CB3529 /* UIViewExtensions.swift */; };
		EDD3A862226C869B006E342A /* EditClassVC.swift in Sources */ = {isa = PBXBuildFile; fileRef = ED3D980421A0187200B61748 /* EditClassVC.swift */; };
		EDD3A863226C869B006E342A /* ChatVC.swift in Sources */ = {isa = PBXBuildFile; fileRef = EDF609B921B7915500CB3529 /* ChatVC.swift */; };
		EDD3A864226C869B006E342A /* MNFunction.swift in Sources */ = {isa = PBXBuildFile; fileRef = ED1FB5AF217E05240075C4CE /* MNFunction.swift */; };
		EDD3A865226C869B006E342A /* NotePlainCell.swift in Sources */ = {isa = PBXBuildFile; fileRef = ED3D980E21A0695B00B61748 /* NotePlainCell.swift */; };
		EDD3A866226C869B006E342A /* ParentClassVC.swift in Sources */ = {isa = PBXBuildFile; fileRef = ED71B6B02210219400AC21FF /* ParentClassVC.swift */; };
		EDD3A867226C869B006E342A /* HomeHeaderCell.swift in Sources */ = {isa = PBXBuildFile; fileRef = EDD8C39D21896F80008DA9E7 /* HomeHeaderCell.swift */; };
		EDD3A868226C869B006E342A /* PlugCronParser.swift in Sources */ = {isa = PBXBuildFile; fileRef = ED8C47E221DA4D230065EC7E /* PlugCronParser.swift */; };
		EDD3A869226C869B006E342A /* KidVC2.swift in Sources */ = {isa = PBXBuildFile; fileRef = ED4750F721EB17370043FD18 /* KidVC2.swift */; };
		EDD3A86A226C869B006E342A /* User.swift in Sources */ = {isa = PBXBuildFile; fileRef = EDD8C3A3218ED036008DA9E7 /* User.swift */; };
		EDD3A86B226C869B006E342A /* InviteCodeVC2.swift in Sources */ = {isa = PBXBuildFile; fileRef = EDB373E8218ED87A00F4A8BF /* InviteCodeVC2.swift */; };
		EDD3A86C226C869B006E342A /* EditImageVC.swift in Sources */ = {isa = PBXBuildFile; fileRef = ED1F586821E77AB400126A07 /* EditImageVC.swift */; };
		EDD3A86D226C869B006E342A /* RegisterPlugIDVC.swift in Sources */ = {isa = PBXBuildFile; fileRef = ED8C47E821DC8DF20065EC7E /* RegisterPlugIDVC.swift */; };
		EDD3A86E226C869B006E342A /* UserInfo.swift in Sources */ = {isa = PBXBuildFile; fileRef = ED7D59D421B6985D0029E80A /* UserInfo.swift */; };
		EDD3A86F226C869B006E342A /* JoinRoomVC2.swift in Sources */ = {isa = PBXBuildFile; fileRef = ED4750F521EB16920043FD18 /* JoinRoomVC2.swift */; };
		EDD3A870226C869B006E342A /* HolidayVC.swift in Sources */ = {isa = PBXBuildFile; fileRef = ED8C47E421DB832F0065EC7E /* HolidayVC.swift */; };
		EDD3A871226C869B006E342A /* SelectClassTVC.swift in Sources */ = {isa = PBXBuildFile; fileRef = EDB373EC218EE9E900F4A8BF /* SelectClassTVC.swift */; };
		EDD3A872226C869B006E342A /* Validator.swift in Sources */ = {isa = PBXBuildFile; fileRef = ED1F586221E09A2500126A07 /* Validator.swift */; };
		EDD3A873226C869B006E342A /* LoginVC.swift in Sources */ = {isa = PBXBuildFile; fileRef = ED1FB5B1217E06650075C4CE /* LoginVC.swift */; };
		EDD3A874226C869B006E342A /* StartVC.swift in Sources */ = {isa = PBXBuildFile; fileRef = ED3D981021A111CD00B61748 /* StartVC.swift */; };
		EDD3A875226C869B006E342A /* HomeHeaderView.swift in Sources */ = {isa = PBXBuildFile; fileRef = EDD8C397218964CF008DA9E7 /* HomeHeaderView.swift */; };
		EDD3A876226C869B006E342A /* MessageSummary.swift in Sources */ = {isa = PBXBuildFile; fileRef = ED4750F921EC76360043FD18 /* MessageSummary.swift */; };
		EDD3A877226C869B006E342A /* Network.swift in Sources */ = {isa = PBXBuildFile; fileRef = ED5D58D121B3D3D8001EB2A2 /* Network.swift */; };
		EDD3A878226C869B006E342A /* Constants.swift in Sources */ = {isa = PBXBuildFile; fileRef = ED0E65DA225CAE3500D25E0D /* Constants.swift */; };
		EDD3A879226C869B006E342A /* SettingVC.swift in Sources */ = {isa = PBXBuildFile; fileRef = ED3E6A4421CF535B00C28403 /* SettingVC.swift */; };
		EDD3A87A226C869B006E342A /* PlugIndicator.swift in Sources */ = {isa = PBXBuildFile; fileRef = ED0A2CC5220717F50035B887 /* PlugIndicator.swift */; };
		EDD3A87B226C869B006E342A /* ClassHeader.swift in Sources */ = {isa = PBXBuildFile; fileRef = EDD8C3A7218ED25C008DA9E7 /* ClassHeader.swift */; };
		EDD3A87C226C869B006E342A /* ChangePlugIDVC.swift in Sources */ = {isa = PBXBuildFile; fileRef = ED8C47EA21DC92BF0065EC7E /* ChangePlugIDVC.swift */; };
		EDD3A87D226C869B006E342A /* PlugTextField.swift in Sources */ = {isa = PBXBuildFile; fileRef = EDD8C390218715FC008DA9E7 /* PlugTextField.swift */; };
		EDD3A87E226C869B006E342A /* HomeVC.swift in Sources */ = {isa = PBXBuildFile; fileRef = EDD8C3952187243C008DA9E7 /* HomeVC.swift */; };
		EDD3A87F226C869B006E342A /* InviteCodeVC.swift in Sources */ = {isa = PBXBuildFile; fileRef = EDB373EA218ED8CD00F4A8BF /* InviteCodeVC.swift */; };
		EDD3A880226C869B006E342A /* LicenseVC.swift in Sources */ = {isa = PBXBuildFile; fileRef = ED71B6B52219391E00AC21FF /* LicenseVC.swift */; };
		EDD3A881226C869B006E342A /* WideButton.swift in Sources */ = {isa = PBXBuildFile; fileRef = ED1FB5AB217E00880075C4CE /* WideButton.swift */; };
		EDD3A882226C869B006E342A /* ChatDataHeader.swift in Sources */ = {isa = PBXBuildFile; fileRef = EDF609BF21BBC07F00CB3529 /* ChatDataHeader.swift */; };
		EDD3A883226C869B006E342A /* UIColor+Additions.swift in Sources */ = {isa = PBXBuildFile; fileRef = EDE731EB217C1D1100D302DF /* UIColor+Additions.swift */; };
		EDD3A884226C869B006E342A /* PasswdVC.swift in Sources */ = {isa = PBXBuildFile; fileRef = EDAE3A4D217E13020015EAF2 /* PasswdVC.swift */; };
		EDD3A885226C869B006E342A /* CreateClassVC.swift in Sources */ = {isa = PBXBuildFile; fileRef = EDD8C38E218710A3008DA9E7 /* CreateClassVC.swift */; };
		EDD3A886226C869B006E342A /* EditClassNameVC.swift in Sources */ = {isa = PBXBuildFile; fileRef = ED1F586621E4DFC600126A07 /* EditClassNameVC.swift */; };
		EDD3A887226C869B006E342A /* ManageClassVC.swift in Sources */ = {isa = PBXBuildFile; fileRef = EDB373EE218FE31500F4A8BF /* ManageClassVC.swift */; };
		EDD3A888226C869B006E342A /* FBLogger.swift in Sources */ = {isa = PBXBuildFile; fileRef = EDA29FF3223A750700C1EA1E /* FBLogger.swift */; };
		EDD3A889226C869B006E342A /* NoteModel.swift in Sources */ = {isa = PBXBuildFile; fileRef = ED3D980C21A060E000B61748 /* NoteModel.swift */; };
		EDD3A88A226C869B006E342A /* UIFont+Additions.swift in Sources */ = {isa = PBXBuildFile; fileRef = ED1FB5AD217E019F0075C4CE /* UIFont+Additions.swift */; };
		EDD3A88B226C869B006E342A /* EditProfileVC.swift in Sources */ = {isa = PBXBuildFile; fileRef = ED8C47E621DBAC840065EC7E /* EditProfileVC.swift */; };
		EDD3A88C226C869B006E342A /* ClassTVC.swift in Sources */ = {isa = PBXBuildFile; fileRef = EDD8C3A1218D77CC008DA9E7 /* ClassTVC.swift */; };
		EDD3A88D226C869B006E342A /* MessageModel.swift in Sources */ = {isa = PBXBuildFile; fileRef = EDF609C321BBC2AC00CB3529 /* MessageModel.swift */; };
		EDD3A88E226C869B006E342A /* WebVC.swift in Sources */ = {isa = PBXBuildFile; fileRef = ED71B6AE220FE35A00AC21FF /* WebVC.swift */; };
		EDD3A88F226C869B006E342A /* API.swift in Sources */ = {isa = PBXBuildFile; fileRef = ED7D59D021B3FEAE0029E80A /* API.swift */; };
		EDD3A890226C869B006E342A /* CodeVC.swift in Sources */ = {isa = PBXBuildFile; fileRef = EDAE3A51217E175A0015EAF2 /* CodeVC.swift */; };
		EDD3A893226C869B006E342A /* KakaoOpenSDK.framework in Frameworks */ = {isa = PBXBuildFile; fileRef = ED0A2CC7220730600035B887 /* KakaoOpenSDK.framework */; };
		EDD3A895226C869B006E342A /* LaunchScreen.storyboard in Resources */ = {isa = PBXBuildFile; fileRef = EDE731E2217B4E7100D302DF /* LaunchScreen.storyboard */; };
		EDD3A896226C869B006E342A /* Class.storyboard in Resources */ = {isa = PBXBuildFile; fileRef = EDD8C39F218D7765008DA9E7 /* Class.storyboard */; };
		EDD3A897226C869B006E342A /* Note.storyboard in Resources */ = {isa = PBXBuildFile; fileRef = ED3D980621A05E6300B61748 /* Note.storyboard */; };
		EDD3A898226C869B006E342A /* HomeHeaderView.xib in Resources */ = {isa = PBXBuildFile; fileRef = EDD8C399218964E5008DA9E7 /* HomeHeaderView.xib */; };
		EDD3A899226C869B006E342A /* PlugClassCell.xib in Resources */ = {isa = PBXBuildFile; fileRef = ED3E6A4721CF570400C28403 /* PlugClassCell.xib */; };
		EDD3A89A226C869B006E342A /* Assets.xcassets in Resources */ = {isa = PBXBuildFile; fileRef = EDE731E0217B4E7100D302DF /* Assets.xcassets */; };
		EDD3A89B226C869B006E342A /* Chat.storyboard in Resources */ = {isa = PBXBuildFile; fileRef = ED1FB5B3217E0BAB0075C4CE /* Chat.storyboard */; };
		EDD3A89C226C869B006E342A /* ChatDateHeader.xib in Resources */ = {isa = PBXBuildFile; fileRef = EDF609C121BBC08D00CB3529 /* ChatDateHeader.xib */; };
		EDD3A89D226C869B006E342A /* schema.json in Resources */ = {isa = PBXBuildFile; fileRef = EDF609BB21BA468400CB3529 /* schema.json */; };
		EDD3A89E226C869B006E342A /* GoogleService-Info.plist in Resources */ = {isa = PBXBuildFile; fileRef = ED3CF408220A96F100356230 /* GoogleService-Info.plist */; };
		EDD3A89F226C869B006E342A /* Queries.graphql in Resources */ = {isa = PBXBuildFile; fileRef = ED7D59C821B3D89D0029E80A /* Queries.graphql */; };
		EDD3A8A0226C869B006E342A /* Main.storyboard in Resources */ = {isa = PBXBuildFile; fileRef = EDE731DD217B4E7000D302DF /* Main.storyboard */; };
		EDD3A8A1226C869B006E342A /* licenses.json in Resources */ = {isa = PBXBuildFile; fileRef = ED71B6B32219359400AC21FF /* licenses.json */; };
		EDD3A8A2226C869B006E342A /* indicator.json in Resources */ = {isa = PBXBuildFile; fileRef = ED4750FB21ECB6540043FD18 /* indicator.json */; };
		EDD3A8A3226C869B006E342A /* HomeHeaderCell.xib in Resources */ = {isa = PBXBuildFile; fileRef = EDD8C39B2189693D008DA9E7 /* HomeHeaderCell.xib */; };
		EDD3A8A4226C869B006E342A /* ClassHeader.xib in Resources */ = {isa = PBXBuildFile; fileRef = EDD8C3A5218ED1CB008DA9E7 /* ClassHeader.xib */; };
		EDD3A8A5226C869B006E342A /* Setting.storyboard in Resources */ = {isa = PBXBuildFile; fileRef = ED3E6A4221CF501800C28403 /* Setting.storyboard */; };
		EDD8C391218715FC008DA9E7 /* PlugTextField.swift in Sources */ = {isa = PBXBuildFile; fileRef = EDD8C390218715FC008DA9E7 /* PlugTextField.swift */; };
		EDD8C39A218964E5008DA9E7 /* HomeHeaderView.xib in Resources */ = {isa = PBXBuildFile; fileRef = EDD8C399218964E5008DA9E7 /* HomeHeaderView.xib */; };
		EDD8C39C2189693D008DA9E7 /* HomeHeaderCell.xib in Resources */ = {isa = PBXBuildFile; fileRef = EDD8C39B2189693D008DA9E7 /* HomeHeaderCell.xib */; };
		EDD8C3A0218D7765008DA9E7 /* Class.storyboard in Resources */ = {isa = PBXBuildFile; fileRef = EDD8C39F218D7765008DA9E7 /* Class.storyboard */; };
		EDD8C3A4218ED036008DA9E7 /* User.swift in Sources */ = {isa = PBXBuildFile; fileRef = EDD8C3A3218ED036008DA9E7 /* User.swift */; };
		EDD8C3A6218ED1CB008DA9E7 /* ClassHeader.xib in Resources */ = {isa = PBXBuildFile; fileRef = EDD8C3A5218ED1CB008DA9E7 /* ClassHeader.xib */; };
		EDE6089B239BFDB200F91EB4 /* ChatListCell.swift in Sources */ = {isa = PBXBuildFile; fileRef = EDE6089A239BFDB200F91EB4 /* ChatListCell.swift */; };
		EDE6089D23C0640E00F91EB4 /* ChatSummaryViewModel.swift in Sources */ = {isa = PBXBuildFile; fileRef = EDE6089C23C0640E00F91EB4 /* ChatSummaryViewModel.swift */; };
		EDE731DA217B4E7000D302DF /* AppDelegate.swift in Sources */ = {isa = PBXBuildFile; fileRef = EDE731D9217B4E7000D302DF /* AppDelegate.swift */; };
		EDE731DC217B4E7000D302DF /* ViewController.swift in Sources */ = {isa = PBXBuildFile; fileRef = EDE731DB217B4E7000D302DF /* ViewController.swift */; };
		EDE731DF217B4E7000D302DF /* Main.storyboard in Resources */ = {isa = PBXBuildFile; fileRef = EDE731DD217B4E7000D302DF /* Main.storyboard */; };
		EDE731E1217B4E7100D302DF /* Assets.xcassets in Resources */ = {isa = PBXBuildFile; fileRef = EDE731E0217B4E7100D302DF /* Assets.xcassets */; };
		EDE731E4217B4E7100D302DF /* LaunchScreen.storyboard in Resources */ = {isa = PBXBuildFile; fileRef = EDE731E2217B4E7100D302DF /* LaunchScreen.storyboard */; };
		EDE731EC217C1D1100D302DF /* UIColor+Additions.swift in Sources */ = {isa = PBXBuildFile; fileRef = EDE731EB217C1D1100D302DF /* UIColor+Additions.swift */; };
		EDE731EE217C1D3E00D302DF /* Strings.swift in Sources */ = {isa = PBXBuildFile; fileRef = EDE731ED217C1D3E00D302DF /* Strings.swift */; };
		EDE731F0217C20A600D302DF /* ViewController+Extensions.swift in Sources */ = {isa = PBXBuildFile; fileRef = EDE731EF217C20A600D302DF /* ViewController+Extensions.swift */; };
		EDF609BC21BA468400CB3529 /* schema.json in Resources */ = {isa = PBXBuildFile; fileRef = EDF609BB21BA468400CB3529 /* schema.json */; };
		EDF609BE21BA5BE600CB3529 /* UIViewExtensions.swift in Sources */ = {isa = PBXBuildFile; fileRef = EDF609BD21BA5BE600CB3529 /* UIViewExtensions.swift */; };
		EDF609C021BBC07F00CB3529 /* ChatDataHeader.swift in Sources */ = {isa = PBXBuildFile; fileRef = EDF609BF21BBC07F00CB3529 /* ChatDataHeader.swift */; };
		EDF609C221BBC08D00CB3529 /* ChatDateHeader.xib in Resources */ = {isa = PBXBuildFile; fileRef = EDF609C121BBC08D00CB3529 /* ChatDateHeader.xib */; };
		EDF609C421BBC2AC00CB3529 /* MessageModel.swift in Sources */ = {isa = PBXBuildFile; fileRef = EDF609C321BBC2AC00CB3529 /* MessageModel.swift */; };
		EDF609CC21BBDD7100CB3529 /* PlugTests.swift in Sources */ = {isa = PBXBuildFile; fileRef = EDF609CB21BBDD7100CB3529 /* PlugTests.swift */; };
		EDFC46E923DA10C100AB194A /* ChatLog.swift in Sources */ = {isa = PBXBuildFile; fileRef = EDFC46E823DA10C100AB194A /* ChatLog.swift */; };
/* End PBXBuildFile section */

/* Begin PBXContainerItemProxy section */
		EDF609CE21BBDD7100CB3529 /* PBXContainerItemProxy */ = {
			isa = PBXContainerItemProxy;
			containerPortal = EDE731CE217B4E7000D302DF /* Project object */;
			proxyType = 1;
			remoteGlobalIDString = EDE731D5217B4E7000D302DF;
			remoteInfo = Plug;
		};
/* End PBXContainerItemProxy section */

/* Begin PBXFileReference section */
		1E7000862644967775012EAA /* Pods-Plug.debug.xcconfig */ = {isa = PBXFileReference; includeInIndex = 1; lastKnownFileType = text.xcconfig; name = "Pods-Plug.debug.xcconfig"; path = "Pods/Target Support Files/Pods-Plug/Pods-Plug.debug.xcconfig"; sourceTree = "<group>"; };
		715C68A0F65529153D517E37 /* Pods_Plug_Test.framework */ = {isa = PBXFileReference; explicitFileType = wrapper.framework; includeInIndex = 0; path = Pods_Plug_Test.framework; sourceTree = BUILT_PRODUCTS_DIR; };
		C95E6B84EAAB476DF8BC3F42 /* Pods_Plug.framework */ = {isa = PBXFileReference; explicitFileType = wrapper.framework; includeInIndex = 0; path = Pods_Plug.framework; sourceTree = BUILT_PRODUCTS_DIR; };
		ED0A2CC5220717F50035B887 /* PlugIndicator.swift */ = {isa = PBXFileReference; lastKnownFileType = sourcecode.swift; path = PlugIndicator.swift; sourceTree = "<group>"; };
		ED0A2CC7220730600035B887 /* KakaoOpenSDK.framework */ = {isa = PBXFileReference; lastKnownFileType = wrapper.framework; path = KakaoOpenSDK.framework; sourceTree = "<group>"; };
		ED0E65DA225CAE3500D25E0D /* Constants.swift */ = {isa = PBXFileReference; lastKnownFileType = sourcecode.swift; path = Constants.swift; sourceTree = "<group>"; };
		ED1F586021DE29C100126A07 /* OutClassVC.swift */ = {isa = PBXFileReference; lastKnownFileType = sourcecode.swift; path = OutClassVC.swift; sourceTree = "<group>"; };
		ED1F586221E09A2500126A07 /* Validator.swift */ = {isa = PBXFileReference; lastKnownFileType = sourcecode.swift; path = Validator.swift; sourceTree = "<group>"; };
		ED1F586421E1CF5F00126A07 /* SecretVC.swift */ = {isa = PBXFileReference; lastKnownFileType = sourcecode.swift; path = SecretVC.swift; sourceTree = "<group>"; };
		ED1F586621E4DFC600126A07 /* EditClassNameVC.swift */ = {isa = PBXFileReference; lastKnownFileType = sourcecode.swift; path = EditClassNameVC.swift; sourceTree = "<group>"; };
		ED1F586821E77AB400126A07 /* EditImageVC.swift */ = {isa = PBXFileReference; lastKnownFileType = sourcecode.swift; path = EditImageVC.swift; sourceTree = "<group>"; };
		ED1F586A21EA0BF000126A07 /* MessageManager.swift */ = {isa = PBXFileReference; lastKnownFileType = sourcecode.swift; path = MessageManager.swift; sourceTree = "<group>"; };
		ED1FB5AB217E00880075C4CE /* WideButton.swift */ = {isa = PBXFileReference; lastKnownFileType = sourcecode.swift; path = WideButton.swift; sourceTree = "<group>"; };
		ED1FB5AD217E019F0075C4CE /* UIFont+Additions.swift */ = {isa = PBXFileReference; fileEncoding = 4; lastKnownFileType = sourcecode.swift; path = "UIFont+Additions.swift"; sourceTree = "<group>"; };
		ED1FB5AF217E05240075C4CE /* MNFunction.swift */ = {isa = PBXFileReference; fileEncoding = 4; lastKnownFileType = sourcecode.swift; path = MNFunction.swift; sourceTree = "<group>"; };
		ED1FB5B1217E06650075C4CE /* LoginVC.swift */ = {isa = PBXFileReference; lastKnownFileType = sourcecode.swift; path = LoginVC.swift; sourceTree = "<group>"; };
		ED1FB5B3217E0BAB0075C4CE /* Chat.storyboard */ = {isa = PBXFileReference; lastKnownFileType = file.storyboard; path = Chat.storyboard; sourceTree = "<group>"; };
		ED2108DC2353753F00E38493 /* ChatListVC.swift */ = {isa = PBXFileReference; lastKnownFileType = sourcecode.swift; path = ChatListVC.swift; sourceTree = "<group>"; };
		ED3CF408220A96F100356230 /* GoogleService-Info.plist */ = {isa = PBXFileReference; fileEncoding = 4; lastKnownFileType = text.plist.xml; path = "GoogleService-Info.plist"; sourceTree = "<group>"; };
		ED3D980421A0187200B61748 /* EditClassVC.swift */ = {isa = PBXFileReference; lastKnownFileType = sourcecode.swift; path = EditClassVC.swift; sourceTree = "<group>"; };
		ED3D980621A05E6300B61748 /* Note.storyboard */ = {isa = PBXFileReference; lastKnownFileType = file.storyboard; path = Note.storyboard; sourceTree = "<group>"; };
		ED3D980921A05FE100B61748 /* NoteMainVC.swift */ = {isa = PBXFileReference; lastKnownFileType = sourcecode.swift; path = NoteMainVC.swift; sourceTree = "<group>"; };
		ED3D980C21A060E000B61748 /* NoteModel.swift */ = {isa = PBXFileReference; lastKnownFileType = sourcecode.swift; path = NoteModel.swift; sourceTree = "<group>"; };
		ED3D980E21A0695B00B61748 /* NotePlainCell.swift */ = {isa = PBXFileReference; lastKnownFileType = sourcecode.swift; path = NotePlainCell.swift; sourceTree = "<group>"; };
		ED3D981021A111CD00B61748 /* StartVC.swift */ = {isa = PBXFileReference; lastKnownFileType = sourcecode.swift; path = StartVC.swift; sourceTree = "<group>"; };
		ED3E6A4221CF501800C28403 /* Setting.storyboard */ = {isa = PBXFileReference; lastKnownFileType = file.storyboard; path = Setting.storyboard; sourceTree = "<group>"; };
		ED3E6A4421CF535B00C28403 /* SettingVC.swift */ = {isa = PBXFileReference; lastKnownFileType = sourcecode.swift; path = SettingVC.swift; sourceTree = "<group>"; };
		ED3E6A4721CF570400C28403 /* PlugClassCell.xib */ = {isa = PBXFileReference; lastKnownFileType = file.xib; path = PlugClassCell.xib; sourceTree = "<group>"; };
		ED3E6A4921CF57B300C28403 /* PlugClassCell.swift */ = {isa = PBXFileReference; lastKnownFileType = sourcecode.swift; path = PlugClassCell.swift; sourceTree = "<group>"; };
		ED4750F121EA7C0C0043FD18 /* JoinRoomVC.swift */ = {isa = PBXFileReference; lastKnownFileType = sourcecode.swift; path = JoinRoomVC.swift; sourceTree = "<group>"; };
		ED4750F321EA80190043FD18 /* kidVC.swift */ = {isa = PBXFileReference; lastKnownFileType = sourcecode.swift; path = kidVC.swift; sourceTree = "<group>"; };
		ED4750F521EB16920043FD18 /* JoinRoomVC2.swift */ = {isa = PBXFileReference; lastKnownFileType = sourcecode.swift; path = JoinRoomVC2.swift; sourceTree = "<group>"; };
		ED4750F721EB17370043FD18 /* KidVC2.swift */ = {isa = PBXFileReference; lastKnownFileType = sourcecode.swift; path = KidVC2.swift; sourceTree = "<group>"; };
		ED4750F921EC76360043FD18 /* MessageSummary.swift */ = {isa = PBXFileReference; lastKnownFileType = sourcecode.swift; path = MessageSummary.swift; sourceTree = "<group>"; };
		ED4750FB21ECB6540043FD18 /* indicator.json */ = {isa = PBXFileReference; lastKnownFileType = text.json; path = indicator.json; sourceTree = "<group>"; };
		ED5D58D121B3D3D8001EB2A2 /* Network.swift */ = {isa = PBXFileReference; lastKnownFileType = sourcecode.swift; path = Network.swift; sourceTree = "<group>"; };
		ED71B6AE220FE35A00AC21FF /* WebVC.swift */ = {isa = PBXFileReference; lastKnownFileType = sourcecode.swift; path = WebVC.swift; sourceTree = "<group>"; };
		ED71B6B02210219400AC21FF /* ParentClassVC.swift */ = {isa = PBXFileReference; lastKnownFileType = sourcecode.swift; path = ParentClassVC.swift; sourceTree = "<group>"; };
		ED71B6B2221029E400AC21FF /* Plug.entitlements */ = {isa = PBXFileReference; lastKnownFileType = text.plist.entitlements; path = Plug.entitlements; sourceTree = "<group>"; };
		ED71B6B32219359400AC21FF /* licenses.json */ = {isa = PBXFileReference; lastKnownFileType = text.json; path = licenses.json; sourceTree = "<group>"; };
		ED71B6B52219391E00AC21FF /* LicenseVC.swift */ = {isa = PBXFileReference; lastKnownFileType = sourcecode.swift; path = LicenseVC.swift; sourceTree = "<group>"; };
		ED77192222D0CEA7002896F2 /* Login2VC.swift */ = {isa = PBXFileReference; lastKnownFileType = sourcecode.swift; path = Login2VC.swift; sourceTree = "<group>"; };
		ED77192422D9B211002896F2 /* HomeExtension.swift */ = {isa = PBXFileReference; lastKnownFileType = sourcecode.swift; path = HomeExtension.swift; sourceTree = "<group>"; };
		ED7D59C821B3D89D0029E80A /* Queries.graphql */ = {isa = PBXFileReference; lastKnownFileType = text; path = Queries.graphql; sourceTree = "<group>"; };
		ED7D59CC21B3DCA90029E80A /* Queries.swift */ = {isa = PBXFileReference; lastKnownFileType = sourcecode.swift; path = Queries.swift; sourceTree = "<group>"; };
		ED7D59D021B3FEAE0029E80A /* API.swift */ = {isa = PBXFileReference; fileEncoding = 4; lastKnownFileType = sourcecode.swift; path = API.swift; sourceTree = "<group>"; };
		ED7D59D221B43BBE0029E80A /* Secret.swift */ = {isa = PBXFileReference; lastKnownFileType = sourcecode.swift; path = Secret.swift; sourceTree = "<group>"; };
		ED7D59D421B6985D0029E80A /* UserInfo.swift */ = {isa = PBXFileReference; lastKnownFileType = sourcecode.swift; path = UserInfo.swift; sourceTree = "<group>"; };
		ED8C47E221DA4D230065EC7E /* PlugCronParser.swift */ = {isa = PBXFileReference; lastKnownFileType = sourcecode.swift; path = PlugCronParser.swift; sourceTree = "<group>"; };
		ED8C47E421DB832F0065EC7E /* HolidayVC.swift */ = {isa = PBXFileReference; lastKnownFileType = sourcecode.swift; path = HolidayVC.swift; sourceTree = "<group>"; };
		ED8C47E621DBAC840065EC7E /* EditProfileVC.swift */ = {isa = PBXFileReference; lastKnownFileType = sourcecode.swift; path = EditProfileVC.swift; sourceTree = "<group>"; };
		ED8C47E821DC8DF20065EC7E /* RegisterPlugIDVC.swift */ = {isa = PBXFileReference; lastKnownFileType = sourcecode.swift; path = RegisterPlugIDVC.swift; sourceTree = "<group>"; };
		ED8C47EA21DC92BF0065EC7E /* ChangePlugIDVC.swift */ = {isa = PBXFileReference; lastKnownFileType = sourcecode.swift; path = ChangePlugIDVC.swift; sourceTree = "<group>"; };
		ED8C492C23EC47CA00443477 /* PlugViewControllerWithButton.swift */ = {isa = PBXFileReference; lastKnownFileType = sourcecode.swift; path = PlugViewControllerWithButton.swift; sourceTree = "<group>"; };
		EDA29FF3223A750700C1EA1E /* FBLogger.swift */ = {isa = PBXFileReference; lastKnownFileType = sourcecode.swift; path = FBLogger.swift; sourceTree = "<group>"; };
		EDA438DC23D9DE680012EAD7 /* CoreData.framework */ = {isa = PBXFileReference; lastKnownFileType = wrapper.framework; name = CoreData.framework; path = System/Library/Frameworks/CoreData.framework; sourceTree = SDKROOT; };
		EDADF85B239BFBD200C1D5B6 /* Spoqa Han Sans Regular.ttf */ = {isa = PBXFileReference; lastKnownFileType = file; path = "Spoqa Han Sans Regular.ttf"; sourceTree = "<group>"; };
		EDADF85C239BFBD300C1D5B6 /* Spoqa Han Sans Light.ttf */ = {isa = PBXFileReference; lastKnownFileType = file; path = "Spoqa Han Sans Light.ttf"; sourceTree = "<group>"; };
		EDADF85D239BFBD300C1D5B6 /* Spoqa Han Sans Thin.ttf */ = {isa = PBXFileReference; lastKnownFileType = file; path = "Spoqa Han Sans Thin.ttf"; sourceTree = "<group>"; };
		EDADF85E239BFBD400C1D5B6 /* Spoqa Han Sans Bold.ttf */ = {isa = PBXFileReference; lastKnownFileType = file; path = "Spoqa Han Sans Bold.ttf"; sourceTree = "<group>"; };
		EDAE3A4D217E13020015EAF2 /* PasswdVC.swift */ = {isa = PBXFileReference; lastKnownFileType = sourcecode.swift; path = PasswdVC.swift; sourceTree = "<group>"; };
		EDAE3A4F217E15BA0015EAF2 /* JoinVC.swift */ = {isa = PBXFileReference; lastKnownFileType = sourcecode.swift; path = JoinVC.swift; sourceTree = "<group>"; };
		EDAE3A51217E175A0015EAF2 /* CodeVC.swift */ = {isa = PBXFileReference; lastKnownFileType = sourcecode.swift; path = CodeVC.swift; sourceTree = "<group>"; };
		EDAE3A53217E37B60015EAF2 /* ProfileImageVC.swift */ = {isa = PBXFileReference; lastKnownFileType = sourcecode.swift; path = ProfileImageVC.swift; sourceTree = "<group>"; };
		EDB373E6218ED85100F4A8BF /* CreateClassVC2.swift */ = {isa = PBXFileReference; lastKnownFileType = sourcecode.swift; path = CreateClassVC2.swift; sourceTree = "<group>"; };
		EDB373E8218ED87A00F4A8BF /* InviteCodeVC2.swift */ = {isa = PBXFileReference; lastKnownFileType = sourcecode.swift; path = InviteCodeVC2.swift; sourceTree = "<group>"; };
		EDB373EA218ED8CD00F4A8BF /* InviteCodeVC.swift */ = {isa = PBXFileReference; lastKnownFileType = sourcecode.swift; path = InviteCodeVC.swift; sourceTree = "<group>"; };
		EDB373EC218EE9E900F4A8BF /* SelectClassTVC.swift */ = {isa = PBXFileReference; lastKnownFileType = sourcecode.swift; path = SelectClassTVC.swift; sourceTree = "<group>"; };
		EDB373EE218FE31500F4A8BF /* ManageClassVC.swift */ = {isa = PBXFileReference; lastKnownFileType = sourcecode.swift; path = ManageClassVC.swift; sourceTree = "<group>"; };
		EDBE948E23DC534A000D81AA /* ChatroomIdentity.swift */ = {isa = PBXFileReference; lastKnownFileType = sourcecode.swift; path = ChatroomIdentity.swift; sourceTree = "<group>"; };
		EDC1CD3723EAE61C006ED196 /* MainVC.swift */ = {isa = PBXFileReference; lastKnownFileType = sourcecode.swift; path = MainVC.swift; sourceTree = "<group>"; };
		EDC1CD3A23EAFA5F006ED196 /* LoginVC.swift */ = {isa = PBXFileReference; lastKnownFileType = sourcecode.swift; path = LoginVC.swift; sourceTree = "<group>"; };
		EDD3A8AA226C869B006E342A /* Plug Test.app */ = {isa = PBXFileReference; explicitFileType = wrapper.application; includeInIndex = 0; path = "Plug Test.app"; sourceTree = BUILT_PRODUCTS_DIR; };
		EDD3A8AB226C869B006E342A /* Plug Test-Info.plist */ = {isa = PBXFileReference; lastKnownFileType = text.plist.xml; name = "Plug Test-Info.plist"; path = "/Users/changminlee/Documents/IOS/Projects/Plug/Plug Test-Info.plist"; sourceTree = "<absolute>"; };
		EDD8C38E218710A3008DA9E7 /* CreateClassVC.swift */ = {isa = PBXFileReference; lastKnownFileType = sourcecode.swift; path = CreateClassVC.swift; sourceTree = "<group>"; };
		EDD8C390218715FC008DA9E7 /* PlugTextField.swift */ = {isa = PBXFileReference; lastKnownFileType = sourcecode.swift; path = PlugTextField.swift; sourceTree = "<group>"; };
		EDD8C3952187243C008DA9E7 /* HomeVC.swift */ = {isa = PBXFileReference; lastKnownFileType = sourcecode.swift; path = HomeVC.swift; sourceTree = "<group>"; };
		EDD8C397218964CF008DA9E7 /* HomeHeaderView.swift */ = {isa = PBXFileReference; lastKnownFileType = sourcecode.swift; path = HomeHeaderView.swift; sourceTree = "<group>"; };
		EDD8C399218964E5008DA9E7 /* HomeHeaderView.xib */ = {isa = PBXFileReference; lastKnownFileType = file.xib; path = HomeHeaderView.xib; sourceTree = "<group>"; };
		EDD8C39B2189693D008DA9E7 /* HomeHeaderCell.xib */ = {isa = PBXFileReference; lastKnownFileType = file.xib; path = HomeHeaderCell.xib; sourceTree = "<group>"; };
		EDD8C39D21896F80008DA9E7 /* HomeHeaderCell.swift */ = {isa = PBXFileReference; lastKnownFileType = sourcecode.swift; path = HomeHeaderCell.swift; sourceTree = "<group>"; };
		EDD8C39F218D7765008DA9E7 /* Class.storyboard */ = {isa = PBXFileReference; lastKnownFileType = file.storyboard; path = Class.storyboard; sourceTree = "<group>"; };
		EDD8C3A1218D77CC008DA9E7 /* ClassTVC.swift */ = {isa = PBXFileReference; lastKnownFileType = sourcecode.swift; path = ClassTVC.swift; sourceTree = "<group>"; };
		EDD8C3A3218ED036008DA9E7 /* User.swift */ = {isa = PBXFileReference; lastKnownFileType = sourcecode.swift; path = User.swift; sourceTree = "<group>"; };
		EDD8C3A5218ED1CB008DA9E7 /* ClassHeader.xib */ = {isa = PBXFileReference; lastKnownFileType = file.xib; path = ClassHeader.xib; sourceTree = "<group>"; };
		EDD8C3A7218ED25C008DA9E7 /* ClassHeader.swift */ = {isa = PBXFileReference; lastKnownFileType = sourcecode.swift; path = ClassHeader.swift; sourceTree = "<group>"; };
		EDE6089A239BFDB200F91EB4 /* ChatListCell.swift */ = {isa = PBXFileReference; lastKnownFileType = sourcecode.swift; path = ChatListCell.swift; sourceTree = "<group>"; };
		EDE6089C23C0640E00F91EB4 /* ChatSummaryViewModel.swift */ = {isa = PBXFileReference; lastKnownFileType = sourcecode.swift; path = ChatSummaryViewModel.swift; sourceTree = "<group>"; };
		EDE731D6217B4E7000D302DF /* Plug.app */ = {isa = PBXFileReference; explicitFileType = wrapper.application; includeInIndex = 0; path = Plug.app; sourceTree = BUILT_PRODUCTS_DIR; };
		EDE731D9217B4E7000D302DF /* AppDelegate.swift */ = {isa = PBXFileReference; lastKnownFileType = sourcecode.swift; path = AppDelegate.swift; sourceTree = "<group>"; };
		EDE731DB217B4E7000D302DF /* ViewController.swift */ = {isa = PBXFileReference; lastKnownFileType = sourcecode.swift; path = ViewController.swift; sourceTree = "<group>"; };
		EDE731DE217B4E7000D302DF /* Base */ = {isa = PBXFileReference; lastKnownFileType = file.storyboard; name = Base; path = Base.lproj/Main.storyboard; sourceTree = "<group>"; };
		EDE731E0217B4E7100D302DF /* Assets.xcassets */ = {isa = PBXFileReference; lastKnownFileType = folder.assetcatalog; path = Assets.xcassets; sourceTree = "<group>"; };
		EDE731E3217B4E7100D302DF /* Base */ = {isa = PBXFileReference; lastKnownFileType = file.storyboard; name = Base; path = Base.lproj/LaunchScreen.storyboard; sourceTree = "<group>"; };
		EDE731E5217B4E7100D302DF /* Info.plist */ = {isa = PBXFileReference; lastKnownFileType = text.plist.xml; path = Info.plist; sourceTree = "<group>"; };
		EDE731EB217C1D1100D302DF /* UIColor+Additions.swift */ = {isa = PBXFileReference; fileEncoding = 4; lastKnownFileType = sourcecode.swift; path = "UIColor+Additions.swift"; sourceTree = "<group>"; };
		EDE731ED217C1D3E00D302DF /* Strings.swift */ = {isa = PBXFileReference; lastKnownFileType = sourcecode.swift; path = Strings.swift; sourceTree = "<group>"; };
		EDE731EF217C20A600D302DF /* ViewController+Extensions.swift */ = {isa = PBXFileReference; lastKnownFileType = sourcecode.swift; path = "ViewController+Extensions.swift"; sourceTree = "<group>"; };
		EDF609B921B7915500CB3529 /* ChatVC.swift */ = {isa = PBXFileReference; lastKnownFileType = sourcecode.swift; path = ChatVC.swift; sourceTree = "<group>"; };
		EDF609BB21BA468400CB3529 /* schema.json */ = {isa = PBXFileReference; fileEncoding = 4; lastKnownFileType = text.json; path = schema.json; sourceTree = "<group>"; };
		EDF609BD21BA5BE600CB3529 /* UIViewExtensions.swift */ = {isa = PBXFileReference; lastKnownFileType = sourcecode.swift; path = UIViewExtensions.swift; sourceTree = "<group>"; };
		EDF609BF21BBC07F00CB3529 /* ChatDataHeader.swift */ = {isa = PBXFileReference; lastKnownFileType = sourcecode.swift; path = ChatDataHeader.swift; sourceTree = "<group>"; };
		EDF609C121BBC08D00CB3529 /* ChatDateHeader.xib */ = {isa = PBXFileReference; lastKnownFileType = file.xib; path = ChatDateHeader.xib; sourceTree = "<group>"; };
		EDF609C321BBC2AC00CB3529 /* MessageModel.swift */ = {isa = PBXFileReference; lastKnownFileType = sourcecode.swift; path = MessageModel.swift; sourceTree = "<group>"; };
		EDF609C921BBDD7100CB3529 /* PlugTests.xctest */ = {isa = PBXFileReference; explicitFileType = wrapper.cfbundle; includeInIndex = 0; path = PlugTests.xctest; sourceTree = BUILT_PRODUCTS_DIR; };
		EDF609CB21BBDD7100CB3529 /* PlugTests.swift */ = {isa = PBXFileReference; lastKnownFileType = sourcecode.swift; path = PlugTests.swift; sourceTree = "<group>"; };
		EDF609CD21BBDD7100CB3529 /* Info.plist */ = {isa = PBXFileReference; lastKnownFileType = text.plist.xml; path = Info.plist; sourceTree = "<group>"; };
		EDFC46E823DA10C100AB194A /* ChatLog.swift */ = {isa = PBXFileReference; fileEncoding = 4; lastKnownFileType = sourcecode.swift; path = ChatLog.swift; sourceTree = "<group>"; };
		F64DDDE6650DF586CD6AFD19 /* Pods-Plug.release.xcconfig */ = {isa = PBXFileReference; includeInIndex = 1; lastKnownFileType = text.xcconfig; name = "Pods-Plug.release.xcconfig"; path = "Pods/Target Support Files/Pods-Plug/Pods-Plug.release.xcconfig"; sourceTree = "<group>"; };
/* End PBXFileReference section */

/* Begin PBXFrameworksBuildPhase section */
		EDD3A891226C869B006E342A /* Frameworks */ = {
			isa = PBXFrameworksBuildPhase;
			buildActionMask = 2147483647;
			files = (
				EDD3A893226C869B006E342A /* KakaoOpenSDK.framework in Frameworks */,
			);
			runOnlyForDeploymentPostprocessing = 0;
		};
		EDE731D3217B4E7000D302DF /* Frameworks */ = {
			isa = PBXFrameworksBuildPhase;
			buildActionMask = 2147483647;
			files = (
				56611547AFA62ECD403A81D3 /* Pods_Plug.framework in Frameworks */,
				ED0A2CC8220730600035B887 /* KakaoOpenSDK.framework in Frameworks */,
			);
			runOnlyForDeploymentPostprocessing = 0;
		};
		EDF609C621BBDD7100CB3529 /* Frameworks */ = {
			isa = PBXFrameworksBuildPhase;
			buildActionMask = 2147483647;
			files = (
			);
			runOnlyForDeploymentPostprocessing = 0;
		};
/* End PBXFrameworksBuildPhase section */

/* Begin PBXGroup section */
		30E4AA3D87D91C47FE7F7BCC /* Pods */ = {
			isa = PBXGroup;
			children = (
				1E7000862644967775012EAA /* Pods-Plug.debug.xcconfig */,
				F64DDDE6650DF586CD6AFD19 /* Pods-Plug.release.xcconfig */,
			);
			name = Pods;
			sourceTree = "<group>";
		};
		E99EA7AB4A5EC20FCF99424D /* Frameworks */ = {
			isa = PBXGroup;
			children = (
				EDA438DC23D9DE680012EAD7 /* CoreData.framework */,
				ED0A2CC7220730600035B887 /* KakaoOpenSDK.framework */,
				C95E6B84EAAB476DF8BC3F42 /* Pods_Plug.framework */,
				715C68A0F65529153D517E37 /* Pods_Plug_Test.framework */,
			);
			name = Frameworks;
			sourceTree = "<group>";
		};
		ED3D980821A05FB300B61748 /* Chat */ = {
			isa = PBXGroup;
			children = (
				EDFC46E823DA10C100AB194A /* ChatLog.swift */,
				EDD8C3952187243C008DA9E7 /* HomeVC.swift */,
				ED77192422D9B211002896F2 /* HomeExtension.swift */,
				EDF609B921B7915500CB3529 /* ChatVC.swift */,
				ED1F586421E1CF5F00126A07 /* SecretVC.swift */,
				ED2108DC2353753F00E38493 /* ChatListVC.swift */,
				EDBE948E23DC534A000D81AA /* ChatroomIdentity.swift */,
				EDE6089A239BFDB200F91EB4 /* ChatListCell.swift */,
				EDE6089C23C0640E00F91EB4 /* ChatSummaryViewModel.swift */,
			);
			path = Chat;
			sourceTree = "<group>";
		};
		ED3D980B21A05FF000B61748 /* Note */ = {
			isa = PBXGroup;
			children = (
				ED3D980921A05FE100B61748 /* NoteMainVC.swift */,
			);
			path = Note;
			sourceTree = "<group>";
		};
		ED3E6A4621CF536300C28403 /* Setting */ = {
			isa = PBXGroup;
			children = (
				ED3E6A4421CF535B00C28403 /* SettingVC.swift */,
				ED8C47E421DB832F0065EC7E /* HolidayVC.swift */,
				ED8C47E621DBAC840065EC7E /* EditProfileVC.swift */,
				ED8C47E821DC8DF20065EC7E /* RegisterPlugIDVC.swift */,
				ED8C47EA21DC92BF0065EC7E /* ChangePlugIDVC.swift */,
				ED1F586021DE29C100126A07 /* OutClassVC.swift */,
				ED71B6AE220FE35A00AC21FF /* WebVC.swift */,
				ED71B6B52219391E00AC21FF /* LicenseVC.swift */,
			);
			path = Setting;
			sourceTree = "<group>";
		};
		EDADF863239BFBD900C1D5B6 /* fonts */ = {
			isa = PBXGroup;
			children = (
				EDADF85E239BFBD400C1D5B6 /* Spoqa Han Sans Bold.ttf */,
				EDADF85C239BFBD300C1D5B6 /* Spoqa Han Sans Light.ttf */,
				EDADF85B239BFBD200C1D5B6 /* Spoqa Han Sans Regular.ttf */,
				EDADF85D239BFBD300C1D5B6 /* Spoqa Han Sans Thin.ttf */,
			);
			path = fonts;
			sourceTree = "<group>";
		};
		EDC1CD3923EAFA31006ED196 /* 2.0 */ = {
			isa = PBXGroup;
			children = (
				EDC1CD3723EAE61C006ED196 /* MainVC.swift */,
				EDC1CD3A23EAFA5F006ED196 /* LoginVC.swift */,
				ED8C492C23EC47CA00443477 /* PlugViewControllerWithButton.swift */,
			);
			path = 2.0;
			sourceTree = "<group>";
		};
		EDD8C39221872405008DA9E7 /* Views */ = {
			isa = PBXGroup;
			children = (
				EDE731EF217C20A600D302DF /* ViewController+Extensions.swift */,
				ED1FB5AB217E00880075C4CE /* WideButton.swift */,
				EDD8C390218715FC008DA9E7 /* PlugTextField.swift */,
				EDD8C397218964CF008DA9E7 /* HomeHeaderView.swift */,
				EDD8C399218964E5008DA9E7 /* HomeHeaderView.xib */,
				EDD8C39B2189693D008DA9E7 /* HomeHeaderCell.xib */,
				EDD8C39D21896F80008DA9E7 /* HomeHeaderCell.swift */,
				EDD8C3A5218ED1CB008DA9E7 /* ClassHeader.xib */,
				EDD8C3A7218ED25C008DA9E7 /* ClassHeader.swift */,
				ED3D980E21A0695B00B61748 /* NotePlainCell.swift */,
				EDF609BF21BBC07F00CB3529 /* ChatDataHeader.swift */,
				EDF609C121BBC08D00CB3529 /* ChatDateHeader.xib */,
				ED3E6A4721CF570400C28403 /* PlugClassCell.xib */,
				ED3E6A4921CF57B300C28403 /* PlugClassCell.swift */,
				ED1F586821E77AB400126A07 /* EditImageVC.swift */,
			);
			path = Views;
			sourceTree = "<group>";
		};
		EDD8C3932187240D008DA9E7 /* Extensions */ = {
			isa = PBXGroup;
			children = (
				EDE731EB217C1D1100D302DF /* UIColor+Additions.swift */,
				ED1FB5AF217E05240075C4CE /* MNFunction.swift */,
				ED1FB5AD217E019F0075C4CE /* UIFont+Additions.swift */,
				EDD8C3A3218ED036008DA9E7 /* User.swift */,
				ED0A2CC5220717F50035B887 /* PlugIndicator.swift */,
				ED8C47E221DA4D230065EC7E /* PlugCronParser.swift */,
				ED7D59D421B6985D0029E80A /* UserInfo.swift */,
				ED3D980C21A060E000B61748 /* NoteModel.swift */,
				ED5D58D121B3D3D8001EB2A2 /* Network.swift */,
				ED7D59CC21B3DCA90029E80A /* Queries.swift */,
				EDF609BD21BA5BE600CB3529 /* UIViewExtensions.swift */,
				EDF609C321BBC2AC00CB3529 /* MessageModel.swift */,
				ED1F586A21EA0BF000126A07 /* MessageManager.swift */,
				ED1F586221E09A2500126A07 /* Validator.swift */,
				ED4750F921EC76360043FD18 /* MessageSummary.swift */,
				EDA29FF3223A750700C1EA1E /* FBLogger.swift */,
			);
			path = Extensions;
			sourceTree = "<group>";
		};
		EDD8C3942187241E008DA9E7 /* Join */ = {
			isa = PBXGroup;
			children = (
				EDE731DB217B4E7000D302DF /* ViewController.swift */,
				EDC1CD3923EAFA31006ED196 /* 2.0 */,
				ED1FB5B1217E06650075C4CE /* LoginVC.swift */,
				ED77192222D0CEA7002896F2 /* Login2VC.swift */,
				EDAE3A4D217E13020015EAF2 /* PasswdVC.swift */,
				EDAE3A4F217E15BA0015EAF2 /* JoinVC.swift */,
				EDAE3A51217E175A0015EAF2 /* CodeVC.swift */,
				EDAE3A53217E37B60015EAF2 /* ProfileImageVC.swift */,
				EDD8C38E218710A3008DA9E7 /* CreateClassVC.swift */,
				ED4750F121EA7C0C0043FD18 /* JoinRoomVC.swift */,
				ED4750F321EA80190043FD18 /* kidVC.swift */,
				EDB373EA218ED8CD00F4A8BF /* InviteCodeVC.swift */,
				ED3D981021A111CD00B61748 /* StartVC.swift */,
			);
			path = Join;
			sourceTree = "<group>";
		};
		EDD8C3A9218ED4A8008DA9E7 /* Class */ = {
			isa = PBXGroup;
			children = (
				EDD8C3A1218D77CC008DA9E7 /* ClassTVC.swift */,
				EDB373E6218ED85100F4A8BF /* CreateClassVC2.swift */,
				EDB373E8218ED87A00F4A8BF /* InviteCodeVC2.swift */,
				EDB373EC218EE9E900F4A8BF /* SelectClassTVC.swift */,
				EDB373EE218FE31500F4A8BF /* ManageClassVC.swift */,
				ED71B6B02210219400AC21FF /* ParentClassVC.swift */,
				ED3D980421A0187200B61748 /* EditClassVC.swift */,
				ED1F586621E4DFC600126A07 /* EditClassNameVC.swift */,
				ED4750F521EB16920043FD18 /* JoinRoomVC2.swift */,
				ED4750F721EB17370043FD18 /* KidVC2.swift */,
			);
			path = Class;
			sourceTree = "<group>";
		};
		EDE731CD217B4E7000D302DF = {
			isa = PBXGroup;
			children = (
				EDE731D8217B4E7000D302DF /* Plug */,
				EDF609CA21BBDD7100CB3529 /* PlugTests */,
				EDE731D7217B4E7000D302DF /* Products */,
				30E4AA3D87D91C47FE7F7BCC /* Pods */,
				E99EA7AB4A5EC20FCF99424D /* Frameworks */,
				EDD3A8AB226C869B006E342A /* Plug Test-Info.plist */,
			);
			sourceTree = "<group>";
		};
		EDE731D7217B4E7000D302DF /* Products */ = {
			isa = PBXGroup;
			children = (
				EDE731D6217B4E7000D302DF /* Plug.app */,
				EDF609C921BBDD7100CB3529 /* PlugTests.xctest */,
				EDD3A8AA226C869B006E342A /* Plug Test.app */,
			);
			name = Products;
			sourceTree = "<group>";
		};
		EDE731D8217B4E7000D302DF /* Plug */ = {
			isa = PBXGroup;
			children = (
				ED71B6B2221029E400AC21FF /* Plug.entitlements */,
				ED3CF408220A96F100356230 /* GoogleService-Info.plist */,
				EDF609BB21BA468400CB3529 /* schema.json */,
				ED7D59C821B3D89D0029E80A /* Queries.graphql */,
				EDE731D9217B4E7000D302DF /* AppDelegate.swift */,
				ED7D59D021B3FEAE0029E80A /* API.swift */,
				ED7D59D221B43BBE0029E80A /* Secret.swift */,
				EDE731ED217C1D3E00D302DF /* Strings.swift */,
				ED4750FB21ECB6540043FD18 /* indicator.json */,
				ED71B6B32219359400AC21FF /* licenses.json */,
				ED0E65DA225CAE3500D25E0D /* Constants.swift */,
				EDD8C3932187240D008DA9E7 /* Extensions */,
				EDD8C39221872405008DA9E7 /* Views */,
				ED3D980821A05FB300B61748 /* Chat */,
				EDD8C3942187241E008DA9E7 /* Join */,
				EDD8C3A9218ED4A8008DA9E7 /* Class */,
				ED3D980B21A05FF000B61748 /* Note */,
				ED3E6A4621CF536300C28403 /* Setting */,
				EDE731DD217B4E7000D302DF /* Main.storyboard */,
				ED1FB5B3217E0BAB0075C4CE /* Chat.storyboard */,
				EDD8C39F218D7765008DA9E7 /* Class.storyboard */,
				ED3D980621A05E6300B61748 /* Note.storyboard */,
				ED3E6A4221CF501800C28403 /* Setting.storyboard */,
				EDE731E0217B4E7100D302DF /* Assets.xcassets */,
				EDE731E2217B4E7100D302DF /* LaunchScreen.storyboard */,
				EDE731E5217B4E7100D302DF /* Info.plist */,
				EDADF863239BFBD900C1D5B6 /* fonts */,
			);
			path = Plug;
			sourceTree = "<group>";
		};
		EDF609CA21BBDD7100CB3529 /* PlugTests */ = {
			isa = PBXGroup;
			children = (
				EDF609CB21BBDD7100CB3529 /* PlugTests.swift */,
				EDF609CD21BBDD7100CB3529 /* Info.plist */,
			);
			path = PlugTests;
			sourceTree = "<group>";
		};
/* End PBXGroup section */

/* Begin PBXNativeTarget section */
		EDD3A84D226C869B006E342A /* Plug Test */ = {
			isa = PBXNativeTarget;
			buildConfigurationList = EDD3A8A7226C869B006E342A /* Build configuration list for PBXNativeTarget "Plug Test" */;
			buildPhases = (
				EDD3A84F226C869B006E342A /* Generate Apollo GraphQL API */,
				EDD3A850226C869B006E342A /* Sources */,
				EDD3A891226C869B006E342A /* Frameworks */,
				EDD3A894226C869B006E342A /* Resources */,
			);
			buildRules = (
			);
			dependencies = (
			);
			name = "Plug Test";
			productName = Plug;
			productReference = EDD3A8AA226C869B006E342A /* Plug Test.app */;
			productType = "com.apple.product-type.application";
		};
		EDE731D5217B4E7000D302DF /* Plug */ = {
			isa = PBXNativeTarget;
			buildConfigurationList = EDE731E8217B4E7100D302DF /* Build configuration list for PBXNativeTarget "Plug" */;
			buildPhases = (
				A1C3FC55F00CF14CF8FC5B9D /* [CP] Check Pods Manifest.lock */,
				ED5D58CD21B3D2A0001EB2A2 /* Generate Apollo GraphQL API */,
				EDE731D2217B4E7000D302DF /* Sources */,
				EDE731D3217B4E7000D302DF /* Frameworks */,
				EDE731D4217B4E7000D302DF /* Resources */,
				18037A9665CF310AB17E0D66 /* [CP] Embed Pods Frameworks */,
			);
			buildRules = (
			);
			dependencies = (
			);
			name = Plug;
			productName = Plug;
			productReference = EDE731D6217B4E7000D302DF /* Plug.app */;
			productType = "com.apple.product-type.application";
		};
		EDF609C821BBDD7100CB3529 /* PlugTests */ = {
			isa = PBXNativeTarget;
			buildConfigurationList = EDF609D021BBDD7100CB3529 /* Build configuration list for PBXNativeTarget "PlugTests" */;
			buildPhases = (
				EDF609C521BBDD7100CB3529 /* Sources */,
				EDF609C621BBDD7100CB3529 /* Frameworks */,
				EDF609C721BBDD7100CB3529 /* Resources */,
			);
			buildRules = (
			);
			dependencies = (
				EDF609CF21BBDD7100CB3529 /* PBXTargetDependency */,
			);
			name = PlugTests;
			productName = PlugTests;
			productReference = EDF609C921BBDD7100CB3529 /* PlugTests.xctest */;
			productType = "com.apple.product-type.bundle.unit-test";
		};
/* End PBXNativeTarget section */

/* Begin PBXProject section */
		EDE731CE217B4E7000D302DF /* Project object */ = {
			isa = PBXProject;
			attributes = {
				LastSwiftUpdateCheck = 1010;
				LastUpgradeCheck = 1020;
				ORGANIZATIONNAME = changmin;
				TargetAttributes = {
					EDE731D5217B4E7000D302DF = {
						CreatedOnToolsVersion = 9.4.1;
						LastSwiftMigration = 1110;
						SystemCapabilities = {
							com.apple.BackgroundModes = {
								enabled = 1;
							};
							com.apple.Push = {
								enabled = 1;
							};
						};
					};
					EDF609C821BBDD7100CB3529 = {
						CreatedOnToolsVersion = 10.1;
						LastSwiftMigration = 1110;
						TestTargetID = EDE731D5217B4E7000D302DF;
					};
				};
			};
			buildConfigurationList = EDE731D1217B4E7000D302DF /* Build configuration list for PBXProject "Plug" */;
			compatibilityVersion = "Xcode 9.3";
			developmentRegion = en;
			hasScannedForEncodings = 0;
			knownRegions = (
				en,
				Base,
			);
			mainGroup = EDE731CD217B4E7000D302DF;
			productRefGroup = EDE731D7217B4E7000D302DF /* Products */;
			projectDirPath = "";
			projectRoot = "";
			targets = (
				EDE731D5217B4E7000D302DF /* Plug */,
				EDD3A84D226C869B006E342A /* Plug Test */,
				EDF609C821BBDD7100CB3529 /* PlugTests */,
			);
		};
/* End PBXProject section */

/* Begin PBXResourcesBuildPhase section */
		EDD3A894226C869B006E342A /* Resources */ = {
			isa = PBXResourcesBuildPhase;
			buildActionMask = 2147483647;
			files = (
				EDD3A895226C869B006E342A /* LaunchScreen.storyboard in Resources */,
				EDD3A896226C869B006E342A /* Class.storyboard in Resources */,
				EDD3A897226C869B006E342A /* Note.storyboard in Resources */,
				EDD3A898226C869B006E342A /* HomeHeaderView.xib in Resources */,
				EDD3A899226C869B006E342A /* PlugClassCell.xib in Resources */,
				EDD3A89A226C869B006E342A /* Assets.xcassets in Resources */,
				EDD3A89B226C869B006E342A /* Chat.storyboard in Resources */,
				EDD3A89C226C869B006E342A /* ChatDateHeader.xib in Resources */,
				EDD3A89D226C869B006E342A /* schema.json in Resources */,
				EDD3A89E226C869B006E342A /* GoogleService-Info.plist in Resources */,
				EDD3A89F226C869B006E342A /* Queries.graphql in Resources */,
				EDD3A8A0226C869B006E342A /* Main.storyboard in Resources */,
				EDD3A8A1226C869B006E342A /* licenses.json in Resources */,
				EDD3A8A2226C869B006E342A /* indicator.json in Resources */,
				EDD3A8A3226C869B006E342A /* HomeHeaderCell.xib in Resources */,
				EDD3A8A4226C869B006E342A /* ClassHeader.xib in Resources */,
				EDD3A8A5226C869B006E342A /* Setting.storyboard in Resources */,
			);
			runOnlyForDeploymentPostprocessing = 0;
		};
		EDE731D4217B4E7000D302DF /* Resources */ = {
			isa = PBXResourcesBuildPhase;
			buildActionMask = 2147483647;
			files = (
				EDE731E4217B4E7100D302DF /* LaunchScreen.storyboard in Resources */,
				EDD8C3A0218D7765008DA9E7 /* Class.storyboard in Resources */,
				ED3D980721A05E6300B61748 /* Note.storyboard in Resources */,
				EDD8C39A218964E5008DA9E7 /* HomeHeaderView.xib in Resources */,
				ED3E6A4821CF570400C28403 /* PlugClassCell.xib in Resources */,
				EDE731E1217B4E7100D302DF /* Assets.xcassets in Resources */,
				EDADF861239BFBD500C1D5B6 /* Spoqa Han Sans Thin.ttf in Resources */,
				ED1FB5B4217E0BAB0075C4CE /* Chat.storyboard in Resources */,
				EDADF860239BFBD500C1D5B6 /* Spoqa Han Sans Light.ttf in Resources */,
				EDF609C221BBC08D00CB3529 /* ChatDateHeader.xib in Resources */,
				EDADF85F239BFBD500C1D5B6 /* Spoqa Han Sans Regular.ttf in Resources */,
				EDF609BC21BA468400CB3529 /* schema.json in Resources */,
				ED3CF409220A96F100356230 /* GoogleService-Info.plist in Resources */,
				EDADF862239BFBD500C1D5B6 /* Spoqa Han Sans Bold.ttf in Resources */,
				ED7D59C921B3D89D0029E80A /* Queries.graphql in Resources */,
				EDE731DF217B4E7000D302DF /* Main.storyboard in Resources */,
				ED71B6B42219359400AC21FF /* licenses.json in Resources */,
				ED4750FC21ECB6540043FD18 /* indicator.json in Resources */,
				EDD8C39C2189693D008DA9E7 /* HomeHeaderCell.xib in Resources */,
				EDD8C3A6218ED1CB008DA9E7 /* ClassHeader.xib in Resources */,
				ED3E6A4321CF501800C28403 /* Setting.storyboard in Resources */,
			);
			runOnlyForDeploymentPostprocessing = 0;
		};
		EDF609C721BBDD7100CB3529 /* Resources */ = {
			isa = PBXResourcesBuildPhase;
			buildActionMask = 2147483647;
			files = (
			);
			runOnlyForDeploymentPostprocessing = 0;
		};
/* End PBXResourcesBuildPhase section */

/* Begin PBXShellScriptBuildPhase section */
		18037A9665CF310AB17E0D66 /* [CP] Embed Pods Frameworks */ = {
			isa = PBXShellScriptBuildPhase;
			buildActionMask = 2147483647;
			files = (
			);
			inputFileListPaths = (
				"${PODS_ROOT}/Target Support Files/Pods-Plug/Pods-Plug-frameworks-${CONFIGURATION}-input-files.xcfilelist",
			);
			name = "[CP] Embed Pods Frameworks";
			outputFileListPaths = (
				"${PODS_ROOT}/Target Support Files/Pods-Plug/Pods-Plug-frameworks-${CONFIGURATION}-output-files.xcfilelist",
			);
			runOnlyForDeploymentPostprocessing = 0;
			shellPath = /bin/sh;
			shellScript = "\"${PODS_ROOT}/Target Support Files/Pods-Plug/Pods-Plug-frameworks.sh\"\n";
			showEnvVarsInLog = 0;
		};
		A1C3FC55F00CF14CF8FC5B9D /* [CP] Check Pods Manifest.lock */ = {
			isa = PBXShellScriptBuildPhase;
			buildActionMask = 2147483647;
			files = (
			);
			inputPaths = (
				"${PODS_PODFILE_DIR_PATH}/Podfile.lock",
				"${PODS_ROOT}/Manifest.lock",
			);
			name = "[CP] Check Pods Manifest.lock";
			outputPaths = (
				"$(DERIVED_FILE_DIR)/Pods-Plug-checkManifestLockResult.txt",
			);
			runOnlyForDeploymentPostprocessing = 0;
			shellPath = /bin/sh;
			shellScript = "diff \"${PODS_PODFILE_DIR_PATH}/Podfile.lock\" \"${PODS_ROOT}/Manifest.lock\" > /dev/null\nif [ $? != 0 ] ; then\n    # print error to STDERR\n    echo \"error: The sandbox is not in sync with the Podfile.lock. Run 'pod install' or update your CocoaPods installation.\" >&2\n    exit 1\nfi\n# This output is used by Xcode 'outputs' to avoid re-running this script phase.\necho \"SUCCESS\" > \"${SCRIPT_OUTPUT_FILE_0}\"\n";
			showEnvVarsInLog = 0;
		};
		ED5D58CD21B3D2A0001EB2A2 /* Generate Apollo GraphQL API */ = {
			isa = PBXShellScriptBuildPhase;
			buildActionMask = 12;
			files = (
			);
			inputFileListPaths = (
			);
			inputPaths = (
			);
			name = "Generate Apollo GraphQL API";
			outputFileListPaths = (
			);
			outputPaths = (
			);
			runOnlyForDeploymentPostprocessing = 0;
			shellPath = /bin/sh;
			shellScript = "APOLLO_FRAMEWORK_PATH=\"$(eval find $FRAMEWORK_SEARCH_PATHS -name \"Apollo.framework\" -maxdepth 1)\"\n\nif [ -z \"$APOLLO_FRAMEWORK_PATH\" ]; then\necho \"error: Couldn't find Apollo.framework in FRAMEWORK_SEARCH_PATHS; make sure to add the framework to your project.\"\nexit 1\nfi\n\ncd \"${SRCROOT}/${TARGET_NAME}\"\n$APOLLO_FRAMEWORK_PATH/check-and-run-apollo-cli.sh codegen:generate --queries=\"$(find . -name '*.graphql')\" --schema=schema.json API.swift\n\n";
		};
		EDD3A84F226C869B006E342A /* Generate Apollo GraphQL API */ = {
			isa = PBXShellScriptBuildPhase;
			buildActionMask = 12;
			files = (
			);
			inputFileListPaths = (
			);
			inputPaths = (
			);
			name = "Generate Apollo GraphQL API";
			outputFileListPaths = (
			);
			outputPaths = (
			);
			runOnlyForDeploymentPostprocessing = 0;
			shellPath = /bin/sh;
			shellScript = "APOLLO_FRAMEWORK_PATH=\"$(eval find $FRAMEWORK_SEARCH_PATHS -name \"Apollo.framework\" -maxdepth 1)\"\n\nif [ -z \"$APOLLO_FRAMEWORK_PATH\" ]; then\necho \"error: Couldn't find Apollo.framework in FRAMEWORK_SEARCH_PATHS; make sure to add the framework to your project.\"\nexit 1\nfi\n\ncd \"${SRCROOT}/Plug\"\n$APOLLO_FRAMEWORK_PATH/check-and-run-apollo-cli.sh codegen:generate --queries=\"$(find . -name '*.graphql')\" --schema=schema.json API.swift\n\n";
		};
/* End PBXShellScriptBuildPhase section */

/* Begin PBXSourcesBuildPhase section */
		EDD3A850226C869B006E342A /* Sources */ = {
			isa = PBXSourcesBuildPhase;
			buildActionMask = 2147483647;
			files = (
				EDD3A851226C869B006E342A /* ViewController.swift in Sources */,
				EDD3A852226C869B006E342A /* JoinRoomVC.swift in Sources */,
				EDD3A853226C869B006E342A /* MessageManager.swift in Sources */,
				EDD3A854226C869B006E342A /* Secret.swift in Sources */,
				EDD3A855226C869B006E342A /* OutClassVC.swift in Sources */,
				EDD3A856226C869B006E342A /* JoinVC.swift in Sources */,
				EDD3A857226C869B006E342A /* SecretVC.swift in Sources */,
				EDD3A858226C869B006E342A /* ViewController+Extensions.swift in Sources */,
				EDD3A859226C869B006E342A /* AppDelegate.swift in Sources */,
				EDD3A85A226C869B006E342A /* CreateClassVC2.swift in Sources */,
				EDD3A85B226C869B006E342A /* PlugClassCell.swift in Sources */,
				EDD3A85C226C869B006E342A /* kidVC.swift in Sources */,
				EDD3A85D226C869B006E342A /* ProfileImageVC.swift in Sources */,
				EDD3A85E226C869B006E342A /* Queries.swift in Sources */,
				EDD3A85F226C869B006E342A /* Strings.swift in Sources */,
				EDD3A860226C869B006E342A /* NoteMainVC.swift in Sources */,
				EDD3A861226C869B006E342A /* UIViewExtensions.swift in Sources */,
				EDD3A862226C869B006E342A /* EditClassVC.swift in Sources */,
				EDD3A863226C869B006E342A /* ChatVC.swift in Sources */,
				EDD3A864226C869B006E342A /* MNFunction.swift in Sources */,
				EDD3A865226C869B006E342A /* NotePlainCell.swift in Sources */,
				EDD3A866226C869B006E342A /* ParentClassVC.swift in Sources */,
				EDD3A867226C869B006E342A /* HomeHeaderCell.swift in Sources */,
				EDD3A868226C869B006E342A /* PlugCronParser.swift in Sources */,
				EDD3A869226C869B006E342A /* KidVC2.swift in Sources */,
				EDD3A86A226C869B006E342A /* User.swift in Sources */,
				EDD3A86B226C869B006E342A /* InviteCodeVC2.swift in Sources */,
				EDD3A86C226C869B006E342A /* EditImageVC.swift in Sources */,
				EDD3A86D226C869B006E342A /* RegisterPlugIDVC.swift in Sources */,
				EDD3A86E226C869B006E342A /* UserInfo.swift in Sources */,
				EDD3A86F226C869B006E342A /* JoinRoomVC2.swift in Sources */,
				EDD3A870226C869B006E342A /* HolidayVC.swift in Sources */,
				EDD3A871226C869B006E342A /* SelectClassTVC.swift in Sources */,
				EDD3A872226C869B006E342A /* Validator.swift in Sources */,
				EDD3A873226C869B006E342A /* LoginVC.swift in Sources */,
				EDD3A874226C869B006E342A /* StartVC.swift in Sources */,
				EDD3A875226C869B006E342A /* HomeHeaderView.swift in Sources */,
				EDD3A876226C869B006E342A /* MessageSummary.swift in Sources */,
				EDD3A877226C869B006E342A /* Network.swift in Sources */,
				EDD3A878226C869B006E342A /* Constants.swift in Sources */,
				EDD3A879226C869B006E342A /* SettingVC.swift in Sources */,
				EDD3A87A226C869B006E342A /* PlugIndicator.swift in Sources */,
				EDD3A87B226C869B006E342A /* ClassHeader.swift in Sources */,
				EDD3A87C226C869B006E342A /* ChangePlugIDVC.swift in Sources */,
				EDD3A87D226C869B006E342A /* PlugTextField.swift in Sources */,
				EDD3A87E226C869B006E342A /* HomeVC.swift in Sources */,
				EDD3A87F226C869B006E342A /* InviteCodeVC.swift in Sources */,
				EDD3A880226C869B006E342A /* LicenseVC.swift in Sources */,
				EDD3A881226C869B006E342A /* WideButton.swift in Sources */,
				EDD3A882226C869B006E342A /* ChatDataHeader.swift in Sources */,
				EDD3A883226C869B006E342A /* UIColor+Additions.swift in Sources */,
				EDD3A884226C869B006E342A /* PasswdVC.swift in Sources */,
				EDD3A885226C869B006E342A /* CreateClassVC.swift in Sources */,
				EDD3A886226C869B006E342A /* EditClassNameVC.swift in Sources */,
				EDD3A887226C869B006E342A /* ManageClassVC.swift in Sources */,
				EDD3A888226C869B006E342A /* FBLogger.swift in Sources */,
				EDD3A889226C869B006E342A /* NoteModel.swift in Sources */,
				EDD3A88A226C869B006E342A /* UIFont+Additions.swift in Sources */,
				EDD3A88B226C869B006E342A /* EditProfileVC.swift in Sources */,
				EDD3A88C226C869B006E342A /* ClassTVC.swift in Sources */,
				EDD3A88D226C869B006E342A /* MessageModel.swift in Sources */,
				EDD3A88E226C869B006E342A /* WebVC.swift in Sources */,
				EDD3A88F226C869B006E342A /* API.swift in Sources */,
				EDD3A890226C869B006E342A /* CodeVC.swift in Sources */,
			);
			runOnlyForDeploymentPostprocessing = 0;
		};
		EDE731D2217B4E7000D302DF /* Sources */ = {
			isa = PBXSourcesBuildPhase;
			buildActionMask = 2147483647;
			files = (
				ED8C492F23EC4AED00443477 /* Secret.swift in Sources */,
				EDE731DC217B4E7000D302DF /* ViewController.swift in Sources */,
				ED1F586B21EA0BF000126A07 /* MessageManager.swift in Sources */,
				EDE731F0217C20A600D302DF /* ViewController+Extensions.swift in Sources */,
				ED8C493223EC4B4F00443477 /* Validator.swift in Sources */,
				ED8C493023EC4B1E00443477 /* PlugCronParser.swift in Sources */,
				EDE731DA217B4E7000D302DF /* AppDelegate.swift in Sources */,
				EDC1CD3823EAE61C006ED196 /* MainVC.swift in Sources */,
				ED7D59CD21B3DCA90029E80A /* Queries.swift in Sources */,
				EDE731EE217C1D3E00D302DF /* Strings.swift in Sources */,
				ED8C493123EC4B4000443477 /* WebVC.swift in Sources */,
				EDF609BE21BA5BE600CB3529 /* UIViewExtensions.swift in Sources */,
				ED1FB5B0217E05240075C4CE /* MNFunction.swift in Sources */,
				EDE6089D23C0640E00F91EB4 /* ChatSummaryViewModel.swift in Sources */,
				EDD8C3A4218ED036008DA9E7 /* User.swift in Sources */,
				ED7D59D521B6985D0029E80A /* UserInfo.swift in Sources */,
				ED3D981121A111CD00B61748 /* StartVC.swift in Sources */,
				ED2108DD2353753F00E38493 /* ChatListVC.swift in Sources */,
				ED4750FA21EC76360043FD18 /* MessageSummary.swift in Sources */,
				ED5D58D221B3D3D8001EB2A2 /* Network.swift in Sources */,
				ED0E65DB225CAE3500D25E0D /* Constants.swift in Sources */,
				ED0A2CC6220717F50035B887 /* PlugIndicator.swift in Sources */,
				EDD8C391218715FC008DA9E7 /* PlugTextField.swift in Sources */,
				EDBE948F23DC534A000D81AA /* ChatroomIdentity.swift in Sources */,
				ED1FB5AC217E00880075C4CE /* WideButton.swift in Sources */,
				EDF609C021BBC07F00CB3529 /* ChatDataHeader.swift in Sources */,
				EDE731EC217C1D1100D302DF /* UIColor+Additions.swift in Sources */,
				EDA29FF4223A750700C1EA1E /* FBLogger.swift in Sources */,
				ED8C492D23EC47CA00443477 /* PlugViewControllerWithButton.swift in Sources */,
				EDC1CD3B23EAFA5F006ED196 /* LoginVC.swift in Sources */,
				ED3D980D21A060E000B61748 /* NoteModel.swift in Sources */,
				ED8C492E23EC4AD300443477 /* ChatVC.swift in Sources */,
				ED1FB5AE217E019F0075C4CE /* UIFont+Additions.swift in Sources */,
				EDF609C421BBC2AC00CB3529 /* MessageModel.swift in Sources */,
				EDE6089B239BFDB200F91EB4 /* ChatListCell.swift in Sources */,
				EDFC46E923DA10C100AB194A /* ChatLog.swift in Sources */,
				ED7D59D121B3FEAE0029E80A /* API.swift in Sources */,
			);
			runOnlyForDeploymentPostprocessing = 0;
		};
		EDF609C521BBDD7100CB3529 /* Sources */ = {
			isa = PBXSourcesBuildPhase;
			buildActionMask = 2147483647;
			files = (
				EDF609CC21BBDD7100CB3529 /* PlugTests.swift in Sources */,
			);
			runOnlyForDeploymentPostprocessing = 0;
		};
/* End PBXSourcesBuildPhase section */

/* Begin PBXTargetDependency section */
		EDF609CF21BBDD7100CB3529 /* PBXTargetDependency */ = {
			isa = PBXTargetDependency;
			target = EDE731D5217B4E7000D302DF /* Plug */;
			targetProxy = EDF609CE21BBDD7100CB3529 /* PBXContainerItemProxy */;
		};
/* End PBXTargetDependency section */

/* Begin PBXVariantGroup section */
		EDE731DD217B4E7000D302DF /* Main.storyboard */ = {
			isa = PBXVariantGroup;
			children = (
				EDE731DE217B4E7000D302DF /* Base */,
			);
			name = Main.storyboard;
			sourceTree = "<group>";
		};
		EDE731E2217B4E7100D302DF /* LaunchScreen.storyboard */ = {
			isa = PBXVariantGroup;
			children = (
				EDE731E3217B4E7100D302DF /* Base */,
			);
			name = LaunchScreen.storyboard;
			sourceTree = "<group>";
		};
/* End PBXVariantGroup section */

/* Begin XCBuildConfiguration section */
		EDD3A8A8226C869B006E342A /* Debug */ = {
			isa = XCBuildConfiguration;
			buildSettings = {
				ASSETCATALOG_COMPILER_APPICON_NAME = AppIcon;
				CODE_SIGN_ENTITLEMENTS = Plug/Plug.entitlements;
				CODE_SIGN_IDENTITY = "iPhone Developer";
				CODE_SIGN_STYLE = Automatic;
				DEVELOPMENT_TEAM = UZGZ2YCNAM;
				FRAMEWORK_SEARCH_PATHS = (
					"$(inherited)",
					"$(PROJECT_DIR)",
				);
				INFOPLIST_FILE = "Plug Test-Info.plist";
				IPHONEOS_DEPLOYMENT_TARGET = 10.0;
				LD_RUNPATH_SEARCH_PATHS = (
					"$(inherited)",
					"@executable_path/Frameworks",
				);
				OTHER_LDFLAGS = (
					"$(inherited)",
					"-framework",
					"\"Alamofire\"",
					"-framework",
					"\"Apollo\"",
					"-framework",
					"\"Kingfisher\"",
					"-framework",
					"\"Lottie\"",
					"-framework",
					"\"SkyFloatingLabelTextField\"",
					"-framework",
					"\"Starscream\"",
					"-all_load",
				);
				PRODUCT_BUNDLE_IDENTIFIER = com.app.Plug;
				PRODUCT_NAME = "$(TARGET_NAME)";
				SWIFT_VERSION = 4.2;
				TARGETED_DEVICE_FAMILY = 1;
			};
			name = Debug;
		};
		EDD3A8A9226C869B006E342A /* Release */ = {
			isa = XCBuildConfiguration;
			buildSettings = {
				ASSETCATALOG_COMPILER_APPICON_NAME = AppIcon;
				CODE_SIGN_ENTITLEMENTS = Plug/Plug.entitlements;
				CODE_SIGN_IDENTITY = "iPhone Developer";
				CODE_SIGN_STYLE = Automatic;
				DEVELOPMENT_TEAM = UZGZ2YCNAM;
				FRAMEWORK_SEARCH_PATHS = (
					"$(inherited)",
					"$(PROJECT_DIR)",
				);
				INFOPLIST_FILE = "Plug Test-Info.plist";
				IPHONEOS_DEPLOYMENT_TARGET = 10.0;
				LD_RUNPATH_SEARCH_PATHS = (
					"$(inherited)",
					"@executable_path/Frameworks",
				);
				OTHER_LDFLAGS = (
					"$(inherited)",
					"-framework",
					"\"Alamofire\"",
					"-framework",
					"\"Apollo\"",
					"-framework",
					"\"Kingfisher\"",
					"-framework",
					"\"Lottie\"",
					"-framework",
					"\"SkyFloatingLabelTextField\"",
					"-framework",
					"\"Starscream\"",
					"-all_load",
				);
				PRODUCT_BUNDLE_IDENTIFIER = com.app.Plug;
				PRODUCT_NAME = "$(TARGET_NAME)";
				SWIFT_VERSION = 4.2;
				TARGETED_DEVICE_FAMILY = 1;
			};
			name = Release;
		};
		EDE731E6217B4E7100D302DF /* Debug */ = {
			isa = XCBuildConfiguration;
			buildSettings = {
				ALWAYS_SEARCH_USER_PATHS = NO;
				CLANG_ANALYZER_NONNULL = YES;
				CLANG_ANALYZER_NUMBER_OBJECT_CONVERSION = YES_AGGRESSIVE;
				CLANG_CXX_LANGUAGE_STANDARD = "gnu++14";
				CLANG_CXX_LIBRARY = "libc++";
				CLANG_ENABLE_MODULES = YES;
				CLANG_ENABLE_OBJC_ARC = YES;
				CLANG_ENABLE_OBJC_WEAK = YES;
				CLANG_WARN_BLOCK_CAPTURE_AUTORELEASING = YES;
				CLANG_WARN_BOOL_CONVERSION = YES;
				CLANG_WARN_COMMA = YES;
				CLANG_WARN_CONSTANT_CONVERSION = YES;
				CLANG_WARN_DEPRECATED_OBJC_IMPLEMENTATIONS = YES;
				CLANG_WARN_DIRECT_OBJC_ISA_USAGE = YES_ERROR;
				CLANG_WARN_DOCUMENTATION_COMMENTS = YES;
				CLANG_WARN_EMPTY_BODY = YES;
				CLANG_WARN_ENUM_CONVERSION = YES;
				CLANG_WARN_INFINITE_RECURSION = YES;
				CLANG_WARN_INT_CONVERSION = YES;
				CLANG_WARN_NON_LITERAL_NULL_CONVERSION = YES;
				CLANG_WARN_OBJC_IMPLICIT_RETAIN_SELF = YES;
				CLANG_WARN_OBJC_LITERAL_CONVERSION = YES;
				CLANG_WARN_OBJC_ROOT_CLASS = YES_ERROR;
				CLANG_WARN_RANGE_LOOP_ANALYSIS = YES;
				CLANG_WARN_STRICT_PROTOTYPES = YES;
				CLANG_WARN_SUSPICIOUS_MOVE = YES;
				CLANG_WARN_UNGUARDED_AVAILABILITY = YES_AGGRESSIVE;
				CLANG_WARN_UNREACHABLE_CODE = YES;
				CLANG_WARN__DUPLICATE_METHOD_MATCH = YES;
				CODE_SIGN_IDENTITY = "iPhone Distribution";
				COPY_PHASE_STRIP = NO;
				DEBUG_INFORMATION_FORMAT = dwarf;
				ENABLE_STRICT_OBJC_MSGSEND = YES;
				ENABLE_TESTABILITY = YES;
				GCC_C_LANGUAGE_STANDARD = gnu11;
				GCC_DYNAMIC_NO_PIC = NO;
				GCC_NO_COMMON_BLOCKS = YES;
				GCC_OPTIMIZATION_LEVEL = 0;
				GCC_PREPROCESSOR_DEFINITIONS = (
					"DEBUG=1",
					"RELEASE=1",
				);
				GCC_WARN_64_TO_32_BIT_CONVERSION = YES;
				GCC_WARN_ABOUT_RETURN_TYPE = YES_ERROR;
				GCC_WARN_UNDECLARED_SELECTOR = YES;
				GCC_WARN_UNINITIALIZED_AUTOS = YES_AGGRESSIVE;
				GCC_WARN_UNUSED_FUNCTION = YES;
				GCC_WARN_UNUSED_VARIABLE = YES;
				IPHONEOS_DEPLOYMENT_TARGET = 10.0;
				MTL_ENABLE_DEBUG_INFO = YES;
				ONLY_ACTIVE_ARCH = YES;
				SDKROOT = iphoneos;
				SWIFT_ACTIVE_COMPILATION_CONDITIONS = DEBUG;
				SWIFT_OPTIMIZATION_LEVEL = "-Onone";
				SWIFT_VERSION = 4.2;
				SWIFT_WHOLE_MODULE_OPTIMIZATION = YES;
			};
			name = Debug;
		};
		EDE731E7217B4E7100D302DF /* Release */ = {
			isa = XCBuildConfiguration;
			buildSettings = {
				ALWAYS_SEARCH_USER_PATHS = NO;
				CLANG_ANALYZER_NONNULL = YES;
				CLANG_ANALYZER_NUMBER_OBJECT_CONVERSION = YES_AGGRESSIVE;
				CLANG_CXX_LANGUAGE_STANDARD = "gnu++14";
				CLANG_CXX_LIBRARY = "libc++";
				CLANG_ENABLE_MODULES = YES;
				CLANG_ENABLE_OBJC_ARC = YES;
				CLANG_ENABLE_OBJC_WEAK = YES;
				CLANG_WARN_BLOCK_CAPTURE_AUTORELEASING = YES;
				CLANG_WARN_BOOL_CONVERSION = YES;
				CLANG_WARN_COMMA = YES;
				CLANG_WARN_CONSTANT_CONVERSION = YES;
				CLANG_WARN_DEPRECATED_OBJC_IMPLEMENTATIONS = YES;
				CLANG_WARN_DIRECT_OBJC_ISA_USAGE = YES_ERROR;
				CLANG_WARN_DOCUMENTATION_COMMENTS = YES;
				CLANG_WARN_EMPTY_BODY = YES;
				CLANG_WARN_ENUM_CONVERSION = YES;
				CLANG_WARN_INFINITE_RECURSION = YES;
				CLANG_WARN_INT_CONVERSION = YES;
				CLANG_WARN_NON_LITERAL_NULL_CONVERSION = YES;
				CLANG_WARN_OBJC_IMPLICIT_RETAIN_SELF = YES;
				CLANG_WARN_OBJC_LITERAL_CONVERSION = YES;
				CLANG_WARN_OBJC_ROOT_CLASS = YES_ERROR;
				CLANG_WARN_RANGE_LOOP_ANALYSIS = YES;
				CLANG_WARN_STRICT_PROTOTYPES = YES;
				CLANG_WARN_SUSPICIOUS_MOVE = YES;
				CLANG_WARN_UNGUARDED_AVAILABILITY = YES_AGGRESSIVE;
				CLANG_WARN_UNREACHABLE_CODE = YES;
				CLANG_WARN__DUPLICATE_METHOD_MATCH = YES;
				CODE_SIGN_IDENTITY = "iPhone Distribution";
				COPY_PHASE_STRIP = NO;
				DEBUG_INFORMATION_FORMAT = "dwarf-with-dsym";
				ENABLE_NS_ASSERTIONS = NO;
				ENABLE_STRICT_OBJC_MSGSEND = YES;
				GCC_C_LANGUAGE_STANDARD = gnu11;
				GCC_NO_COMMON_BLOCKS = YES;
				GCC_PREPROCESSOR_DEFINITIONS = "RELEASE=1";
				GCC_WARN_64_TO_32_BIT_CONVERSION = YES;
				GCC_WARN_ABOUT_RETURN_TYPE = YES_ERROR;
				GCC_WARN_UNDECLARED_SELECTOR = YES;
				GCC_WARN_UNINITIALIZED_AUTOS = YES_AGGRESSIVE;
				GCC_WARN_UNUSED_FUNCTION = YES;
				GCC_WARN_UNUSED_VARIABLE = YES;
				IPHONEOS_DEPLOYMENT_TARGET = 10.0;
				MTL_ENABLE_DEBUG_INFO = NO;
				SDKROOT = iphoneos;
				SWIFT_COMPILATION_MODE = wholemodule;
				SWIFT_OPTIMIZATION_LEVEL = "-O";
				SWIFT_VERSION = 4.2;
				SWIFT_WHOLE_MODULE_OPTIMIZATION = YES;
				VALIDATE_PRODUCT = YES;
			};
			name = Release;
		};
		EDE731E9217B4E7100D302DF /* Debug */ = {
			isa = XCBuildConfiguration;
			baseConfigurationReference = 1E7000862644967775012EAA /* Pods-Plug.debug.xcconfig */;
			buildSettings = {
				ASSETCATALOG_COMPILER_APPICON_NAME = AppIcon;
				CODE_SIGN_ENTITLEMENTS = Plug/Plug.entitlements;
				CODE_SIGN_IDENTITY = "iPhone Developer";
				CODE_SIGN_STYLE = Automatic;
				DEVELOPMENT_TEAM = UZGZ2YCNAM;
				FRAMEWORK_SEARCH_PATHS = (
					"$(inherited)",
					"$(PROJECT_DIR)",
				);
				INFOPLIST_FILE = Plug/Info.plist;
				IPHONEOS_DEPLOYMENT_TARGET = 13.0;
				LD_RUNPATH_SEARCH_PATHS = (
					"$(inherited)",
					"@executable_path/Frameworks",
				);
				OTHER_LDFLAGS = (
					"$(inherited)",
					"-framework",
					"\"Alamofire\"",
					"-framework",
					"\"Apollo\"",
					"-framework",
					"\"Kingfisher\"",
					"-framework",
					"\"Lottie\"",
					"-framework",
					"\"SkyFloatingLabelTextField\"",
					"-framework",
					"\"Starscream\"",
					"-all_load",
				);
				PRODUCT_BUNDLE_IDENTIFIER = com.app.Plug;
				PRODUCT_NAME = "$(TARGET_NAME)";
				SWIFT_VERSION = 5.0;
				SWIFT_WHOLE_MODULE_OPTIMIZATION = "";
				TARGETED_DEVICE_FAMILY = 1;
			};
			name = Debug;
		};
		EDE731EA217B4E7100D302DF /* Release */ = {
			isa = XCBuildConfiguration;
			baseConfigurationReference = F64DDDE6650DF586CD6AFD19 /* Pods-Plug.release.xcconfig */;
			buildSettings = {
				ASSETCATALOG_COMPILER_APPICON_NAME = AppIcon;
				CODE_SIGN_ENTITLEMENTS = Plug/Plug.entitlements;
				CODE_SIGN_IDENTITY = "iPhone Developer";
				CODE_SIGN_STYLE = Automatic;
				DEVELOPMENT_TEAM = UZGZ2YCNAM;
				FRAMEWORK_SEARCH_PATHS = (
					"$(inherited)",
					"$(PROJECT_DIR)",
				);
				INFOPLIST_FILE = Plug/Info.plist;
				IPHONEOS_DEPLOYMENT_TARGET = 13.0;
				LD_RUNPATH_SEARCH_PATHS = (
					"$(inherited)",
					"@executable_path/Frameworks",
				);
				OTHER_LDFLAGS = (
					"$(inherited)",
					"-framework",
					"\"Alamofire\"",
					"-framework",
					"\"Apollo\"",
					"-framework",
					"\"Kingfisher\"",
					"-framework",
					"\"Lottie\"",
					"-framework",
					"\"SkyFloatingLabelTextField\"",
					"-framework",
					"\"Starscream\"",
					"-all_load",
				);
				PRODUCT_BUNDLE_IDENTIFIER = com.app.Plug;
				PRODUCT_NAME = "$(TARGET_NAME)";
				SWIFT_VERSION = 5.0;
				SWIFT_WHOLE_MODULE_OPTIMIZATION = "";
				TARGETED_DEVICE_FAMILY = 1;
			};
			name = Release;
		};
		EDF609D121BBDD7100CB3529 /* Debug */ = {
			isa = XCBuildConfiguration;
			buildSettings = {
				BUNDLE_LOADER = "$(TEST_HOST)";
				CODE_SIGN_IDENTITY = "iPhone Developer";
				"CODE_SIGN_IDENTITY[sdk=macosx*]" = "-";
				CODE_SIGN_STYLE = Automatic;
				DEVELOPMENT_TEAM = UZGZ2YCNAM;
				INFOPLIST_FILE = PlugTests/Info.plist;
				IPHONEOS_DEPLOYMENT_TARGET = 12.1;
				LD_RUNPATH_SEARCH_PATHS = (
					"$(inherited)",
					"@executable_path/Frameworks",
					"@loader_path/Frameworks",
				);
				MTL_ENABLE_DEBUG_INFO = INCLUDE_SOURCE;
				MTL_FAST_MATH = YES;
				PRODUCT_BUNDLE_IDENTIFIER = changmin.PlugTests;
				PRODUCT_NAME = "$(TARGET_NAME)";
				SWIFT_VERSION = 5.0;
				TARGETED_DEVICE_FAMILY = "1,2";
				TEST_HOST = "$(BUILT_PRODUCTS_DIR)/Plug.app/Plug";
			};
			name = Debug;
		};
		EDF609D221BBDD7100CB3529 /* Release */ = {
			isa = XCBuildConfiguration;
			buildSettings = {
				BUNDLE_LOADER = "$(TEST_HOST)";
				CODE_SIGN_IDENTITY = "iPhone Developer";
				"CODE_SIGN_IDENTITY[sdk=macosx*]" = "-";
				CODE_SIGN_STYLE = Automatic;
				DEVELOPMENT_TEAM = UZGZ2YCNAM;
				INFOPLIST_FILE = PlugTests/Info.plist;
				IPHONEOS_DEPLOYMENT_TARGET = 12.1;
				LD_RUNPATH_SEARCH_PATHS = (
					"$(inherited)",
					"@executable_path/Frameworks",
					"@loader_path/Frameworks",
				);
				MTL_FAST_MATH = YES;
				PRODUCT_BUNDLE_IDENTIFIER = changmin.PlugTests;
				PRODUCT_NAME = "$(TARGET_NAME)";
				SWIFT_VERSION = 5.0;
				TARGETED_DEVICE_FAMILY = "1,2";
				TEST_HOST = "$(BUILT_PRODUCTS_DIR)/Plug.app/Plug";
			};
			name = Release;
		};
/* End XCBuildConfiguration section */

/* Begin XCConfigurationList section */
		EDD3A8A7226C869B006E342A /* Build configuration list for PBXNativeTarget "Plug Test" */ = {
			isa = XCConfigurationList;
			buildConfigurations = (
				EDD3A8A8226C869B006E342A /* Debug */,
				EDD3A8A9226C869B006E342A /* Release */,
			);
			defaultConfigurationIsVisible = 0;
			defaultConfigurationName = Release;
		};
		EDE731D1217B4E7000D302DF /* Build configuration list for PBXProject "Plug" */ = {
			isa = XCConfigurationList;
			buildConfigurations = (
				EDE731E6217B4E7100D302DF /* Debug */,
				EDE731E7217B4E7100D302DF /* Release */,
			);
			defaultConfigurationIsVisible = 0;
			defaultConfigurationName = Release;
		};
		EDE731E8217B4E7100D302DF /* Build configuration list for PBXNativeTarget "Plug" */ = {
			isa = XCConfigurationList;
			buildConfigurations = (
				EDE731E9217B4E7100D302DF /* Debug */,
				EDE731EA217B4E7100D302DF /* Release */,
			);
			defaultConfigurationIsVisible = 0;
			defaultConfigurationName = Release;
		};
		EDF609D021BBDD7100CB3529 /* Build configuration list for PBXNativeTarget "PlugTests" */ = {
			isa = XCConfigurationList;
			buildConfigurations = (
				EDF609D121BBDD7100CB3529 /* Debug */,
				EDF609D221BBDD7100CB3529 /* Release */,
			);
			defaultConfigurationIsVisible = 0;
			defaultConfigurationName = Release;
		};
/* End XCConfigurationList section */
	};
	rootObject = EDE731CE217B4E7000D302DF /* Project object */;
}
