// !$*UTF8*$!
{
	archiveVersion = 1;
	classes = {
	};
	objectVersion = 50;
	objects = {

/* Begin PBXBuildFile section */
		56611547AFA62ECD403A81D3 /* Pods_Plug.framework in Frameworks */ = {isa = PBXBuildFile; fileRef = C95E6B84EAAB476DF8BC3F42 /* Pods_Plug.framework */; };
		ED1FB5AC217E00880075C4CE /* WideButton.swift in Sources */ = {isa = PBXBuildFile; fileRef = ED1FB5AB217E00880075C4CE /* WideButton.swift */; };
		ED1FB5AE217E019F0075C4CE /* UIFont+Additions.swift in Sources */ = {isa = PBXBuildFile; fileRef = ED1FB5AD217E019F0075C4CE /* UIFont+Additions.swift */; };
		ED1FB5B0217E05240075C4CE /* MNFunction.swift in Sources */ = {isa = PBXBuildFile; fileRef = ED1FB5AF217E05240075C4CE /* MNFunction.swift */; };
		ED1FB5B2217E06650075C4CE /* LoginVC.swift in Sources */ = {isa = PBXBuildFile; fileRef = ED1FB5B1217E06650075C4CE /* LoginVC.swift */; };
		ED1FB5B4217E0BAB0075C4CE /* Chat.storyboard in Resources */ = {isa = PBXBuildFile; fileRef = ED1FB5B3217E0BAB0075C4CE /* Chat.storyboard */; };
		ED3D980521A0187200B61748 /* EditClassVC.swift in Sources */ = {isa = PBXBuildFile; fileRef = ED3D980421A0187200B61748 /* EditClassVC.swift */; };
		ED3D980721A05E6300B61748 /* Note.storyboard in Resources */ = {isa = PBXBuildFile; fileRef = ED3D980621A05E6300B61748 /* Note.storyboard */; };
		ED3D980A21A05FE100B61748 /* NoteMainVC.swift in Sources */ = {isa = PBXBuildFile; fileRef = ED3D980921A05FE100B61748 /* NoteMainVC.swift */; };
		ED3D980D21A060E000B61748 /* NoteModel.swift in Sources */ = {isa = PBXBuildFile; fileRef = ED3D980C21A060E000B61748 /* NoteModel.swift */; };
		ED3D980F21A0695B00B61748 /* NotePlainCell.swift in Sources */ = {isa = PBXBuildFile; fileRef = ED3D980E21A0695B00B61748 /* NotePlainCell.swift */; };
		ED3D981121A111CD00B61748 /* StartVC.swift in Sources */ = {isa = PBXBuildFile; fileRef = ED3D981021A111CD00B61748 /* StartVC.swift */; };
		ED5D58D021B3D3B2001EB2A2 /* schema.json in Resources */ = {isa = PBXBuildFile; fileRef = ED5D58CF21B3D3B2001EB2A2 /* schema.json */; };
		ED5D58D221B3D3D8001EB2A2 /* Network.swift in Sources */ = {isa = PBXBuildFile; fileRef = ED5D58D121B3D3D8001EB2A2 /* Network.swift */; };
		ED7D59C921B3D89D0029E80A /* Queries.graphql in Resources */ = {isa = PBXBuildFile; fileRef = ED7D59C821B3D89D0029E80A /* Queries.graphql */; };
		ED7D59CD21B3DCA90029E80A /* Queries.swift in Sources */ = {isa = PBXBuildFile; fileRef = ED7D59CC21B3DCA90029E80A /* Queries.swift */; };
		ED7D59D121B3FEAE0029E80A /* API.swift in Sources */ = {isa = PBXBuildFile; fileRef = ED7D59D021B3FEAE0029E80A /* API.swift */; };
		ED7D59D321B43BBE0029E80A /* Secret.swift in Sources */ = {isa = PBXBuildFile; fileRef = ED7D59D221B43BBE0029E80A /* Secret.swift */; };
		EDAE3A4E217E13020015EAF2 /* PasswdVC.swift in Sources */ = {isa = PBXBuildFile; fileRef = EDAE3A4D217E13020015EAF2 /* PasswdVC.swift */; };
		EDAE3A50217E15BA0015EAF2 /* JoinVC.swift in Sources */ = {isa = PBXBuildFile; fileRef = EDAE3A4F217E15BA0015EAF2 /* JoinVC.swift */; };
		EDAE3A52217E175A0015EAF2 /* CodeVC.swift in Sources */ = {isa = PBXBuildFile; fileRef = EDAE3A51217E175A0015EAF2 /* CodeVC.swift */; };
		EDAE3A54217E37B60015EAF2 /* ProfileImageVC.swift in Sources */ = {isa = PBXBuildFile; fileRef = EDAE3A53217E37B60015EAF2 /* ProfileImageVC.swift */; };
		EDB373E7218ED85100F4A8BF /* CreateClassVC2.swift in Sources */ = {isa = PBXBuildFile; fileRef = EDB373E6218ED85100F4A8BF /* CreateClassVC2.swift */; };
		EDB373E9218ED87A00F4A8BF /* InviteCodeVC2.swift in Sources */ = {isa = PBXBuildFile; fileRef = EDB373E8218ED87A00F4A8BF /* InviteCodeVC2.swift */; };
		EDB373EB218ED8CD00F4A8BF /* InviteCodeVC.swift in Sources */ = {isa = PBXBuildFile; fileRef = EDB373EA218ED8CD00F4A8BF /* InviteCodeVC.swift */; };
		EDB373ED218EE9E900F4A8BF /* SelectClassTVC.swift in Sources */ = {isa = PBXBuildFile; fileRef = EDB373EC218EE9E900F4A8BF /* SelectClassTVC.swift */; };
		EDB373EF218FE31500F4A8BF /* ManageClassVC.swift in Sources */ = {isa = PBXBuildFile; fileRef = EDB373EE218FE31500F4A8BF /* ManageClassVC.swift */; };
		EDD8C38F218710A3008DA9E7 /* CreateClassVC.swift in Sources */ = {isa = PBXBuildFile; fileRef = EDD8C38E218710A3008DA9E7 /* CreateClassVC.swift */; };
		EDD8C391218715FC008DA9E7 /* PlugTextField.swift in Sources */ = {isa = PBXBuildFile; fileRef = EDD8C390218715FC008DA9E7 /* PlugTextField.swift */; };
		EDD8C3962187243C008DA9E7 /* HomeVC.swift in Sources */ = {isa = PBXBuildFile; fileRef = EDD8C3952187243C008DA9E7 /* HomeVC.swift */; };
		EDD8C398218964CF008DA9E7 /* HomeHeaderView.swift in Sources */ = {isa = PBXBuildFile; fileRef = EDD8C397218964CF008DA9E7 /* HomeHeaderView.swift */; };
		EDD8C39A218964E5008DA9E7 /* HomeHeaderView.xib in Resources */ = {isa = PBXBuildFile; fileRef = EDD8C399218964E5008DA9E7 /* HomeHeaderView.xib */; };
		EDD8C39C2189693D008DA9E7 /* HomeHeaderCell.xib in Resources */ = {isa = PBXBuildFile; fileRef = EDD8C39B2189693D008DA9E7 /* HomeHeaderCell.xib */; };
		EDD8C39E21896F80008DA9E7 /* HomeHeaderCell.swift in Sources */ = {isa = PBXBuildFile; fileRef = EDD8C39D21896F80008DA9E7 /* HomeHeaderCell.swift */; };
		EDD8C3A0218D7765008DA9E7 /* Class.storyboard in Resources */ = {isa = PBXBuildFile; fileRef = EDD8C39F218D7765008DA9E7 /* Class.storyboard */; };
		EDD8C3A2218D77CC008DA9E7 /* ClassTVC.swift in Sources */ = {isa = PBXBuildFile; fileRef = EDD8C3A1218D77CC008DA9E7 /* ClassTVC.swift */; };
		EDD8C3A4218ED036008DA9E7 /* User.swift in Sources */ = {isa = PBXBuildFile; fileRef = EDD8C3A3218ED036008DA9E7 /* User.swift */; };
		EDD8C3A6218ED1CB008DA9E7 /* ClassHeader.xib in Resources */ = {isa = PBXBuildFile; fileRef = EDD8C3A5218ED1CB008DA9E7 /* ClassHeader.xib */; };
		EDD8C3A8218ED25C008DA9E7 /* ClassHeader.swift in Sources */ = {isa = PBXBuildFile; fileRef = EDD8C3A7218ED25C008DA9E7 /* ClassHeader.swift */; };
		EDE731DA217B4E7000D302DF /* AppDelegate.swift in Sources */ = {isa = PBXBuildFile; fileRef = EDE731D9217B4E7000D302DF /* AppDelegate.swift */; };
		EDE731DC217B4E7000D302DF /* ViewController.swift in Sources */ = {isa = PBXBuildFile; fileRef = EDE731DB217B4E7000D302DF /* ViewController.swift */; };
		EDE731DF217B4E7000D302DF /* Main.storyboard in Resources */ = {isa = PBXBuildFile; fileRef = EDE731DD217B4E7000D302DF /* Main.storyboard */; };
		EDE731E1217B4E7100D302DF /* Assets.xcassets in Resources */ = {isa = PBXBuildFile; fileRef = EDE731E0217B4E7100D302DF /* Assets.xcassets */; };
		EDE731E4217B4E7100D302DF /* LaunchScreen.storyboard in Resources */ = {isa = PBXBuildFile; fileRef = EDE731E2217B4E7100D302DF /* LaunchScreen.storyboard */; };
		EDE731EC217C1D1100D302DF /* UIColor+Additions.swift in Sources */ = {isa = PBXBuildFile; fileRef = EDE731EB217C1D1100D302DF /* UIColor+Additions.swift */; };
		EDE731EE217C1D3E00D302DF /* Strings.swift in Sources */ = {isa = PBXBuildFile; fileRef = EDE731ED217C1D3E00D302DF /* Strings.swift */; };
		EDE731F0217C20A600D302DF /* ViewController+Extensions.swift in Sources */ = {isa = PBXBuildFile; fileRef = EDE731EF217C20A600D302DF /* ViewController+Extensions.swift */; };
/* End PBXBuildFile section */

/* Begin PBXFileReference section */
		1E7000862644967775012EAA /* Pods-Plug.debug.xcconfig */ = {isa = PBXFileReference; includeInIndex = 1; lastKnownFileType = text.xcconfig; name = "Pods-Plug.debug.xcconfig"; path = "Pods/Target Support Files/Pods-Plug/Pods-Plug.debug.xcconfig"; sourceTree = "<group>"; };
		C95E6B84EAAB476DF8BC3F42 /* Pods_Plug.framework */ = {isa = PBXFileReference; explicitFileType = wrapper.framework; includeInIndex = 0; path = Pods_Plug.framework; sourceTree = BUILT_PRODUCTS_DIR; };
		ED1FB5AB217E00880075C4CE /* WideButton.swift */ = {isa = PBXFileReference; lastKnownFileType = sourcecode.swift; path = WideButton.swift; sourceTree = "<group>"; };
		ED1FB5AD217E019F0075C4CE /* UIFont+Additions.swift */ = {isa = PBXFileReference; fileEncoding = 4; lastKnownFileType = sourcecode.swift; path = "UIFont+Additions.swift"; sourceTree = "<group>"; };
		ED1FB5AF217E05240075C4CE /* MNFunction.swift */ = {isa = PBXFileReference; fileEncoding = 4; lastKnownFileType = sourcecode.swift; path = MNFunction.swift; sourceTree = "<group>"; };
		ED1FB5B1217E06650075C4CE /* LoginVC.swift */ = {isa = PBXFileReference; lastKnownFileType = sourcecode.swift; path = LoginVC.swift; sourceTree = "<group>"; };
		ED1FB5B3217E0BAB0075C4CE /* Chat.storyboard */ = {isa = PBXFileReference; lastKnownFileType = file.storyboard; path = Chat.storyboard; sourceTree = "<group>"; };
		ED3D980421A0187200B61748 /* EditClassVC.swift */ = {isa = PBXFileReference; lastKnownFileType = sourcecode.swift; path = EditClassVC.swift; sourceTree = "<group>"; };
		ED3D980621A05E6300B61748 /* Note.storyboard */ = {isa = PBXFileReference; lastKnownFileType = file.storyboard; path = Note.storyboard; sourceTree = "<group>"; };
		ED3D980921A05FE100B61748 /* NoteMainVC.swift */ = {isa = PBXFileReference; lastKnownFileType = sourcecode.swift; path = NoteMainVC.swift; sourceTree = "<group>"; };
		ED3D980C21A060E000B61748 /* NoteModel.swift */ = {isa = PBXFileReference; lastKnownFileType = sourcecode.swift; path = NoteModel.swift; sourceTree = "<group>"; };
		ED3D980E21A0695B00B61748 /* NotePlainCell.swift */ = {isa = PBXFileReference; lastKnownFileType = sourcecode.swift; path = NotePlainCell.swift; sourceTree = "<group>"; };
		ED3D981021A111CD00B61748 /* StartVC.swift */ = {isa = PBXFileReference; lastKnownFileType = sourcecode.swift; path = StartVC.swift; sourceTree = "<group>"; };
		ED5D58CF21B3D3B2001EB2A2 /* schema.json */ = {isa = PBXFileReference; fileEncoding = 4; lastKnownFileType = text.json; path = schema.json; sourceTree = "<group>"; };
		ED5D58D121B3D3D8001EB2A2 /* Network.swift */ = {isa = PBXFileReference; lastKnownFileType = sourcecode.swift; path = Network.swift; sourceTree = "<group>"; };
		ED7D59C821B3D89D0029E80A /* Queries.graphql */ = {isa = PBXFileReference; lastKnownFileType = text; path = Queries.graphql; sourceTree = "<group>"; };
		ED7D59CC21B3DCA90029E80A /* Queries.swift */ = {isa = PBXFileReference; lastKnownFileType = sourcecode.swift; path = Queries.swift; sourceTree = "<group>"; };
		ED7D59D021B3FEAE0029E80A /* API.swift */ = {isa = PBXFileReference; fileEncoding = 4; lastKnownFileType = sourcecode.swift; path = API.swift; sourceTree = "<group>"; };
		ED7D59D221B43BBE0029E80A /* Secret.swift */ = {isa = PBXFileReference; lastKnownFileType = sourcecode.swift; path = Secret.swift; sourceTree = "<group>"; };
		EDAE3A4D217E13020015EAF2 /* PasswdVC.swift */ = {isa = PBXFileReference; lastKnownFileType = sourcecode.swift; path = PasswdVC.swift; sourceTree = "<group>"; };
		EDAE3A4F217E15BA0015EAF2 /* JoinVC.swift */ = {isa = PBXFileReference; lastKnownFileType = sourcecode.swift; path = JoinVC.swift; sourceTree = "<group>"; };
		EDAE3A51217E175A0015EAF2 /* CodeVC.swift */ = {isa = PBXFileReference; lastKnownFileType = sourcecode.swift; path = CodeVC.swift; sourceTree = "<group>"; };
		EDAE3A53217E37B60015EAF2 /* ProfileImageVC.swift */ = {isa = PBXFileReference; lastKnownFileType = sourcecode.swift; path = ProfileImageVC.swift; sourceTree = "<group>"; };
		EDB373E6218ED85100F4A8BF /* CreateClassVC2.swift */ = {isa = PBXFileReference; lastKnownFileType = sourcecode.swift; path = CreateClassVC2.swift; sourceTree = "<group>"; };
		EDB373E8218ED87A00F4A8BF /* InviteCodeVC2.swift */ = {isa = PBXFileReference; lastKnownFileType = sourcecode.swift; path = InviteCodeVC2.swift; sourceTree = "<group>"; };
		EDB373EA218ED8CD00F4A8BF /* InviteCodeVC.swift */ = {isa = PBXFileReference; lastKnownFileType = sourcecode.swift; path = InviteCodeVC.swift; sourceTree = "<group>"; };
		EDB373EC218EE9E900F4A8BF /* SelectClassTVC.swift */ = {isa = PBXFileReference; lastKnownFileType = sourcecode.swift; path = SelectClassTVC.swift; sourceTree = "<group>"; };
		EDB373EE218FE31500F4A8BF /* ManageClassVC.swift */ = {isa = PBXFileReference; lastKnownFileType = sourcecode.swift; path = ManageClassVC.swift; sourceTree = "<group>"; };
		EDD8C38E218710A3008DA9E7 /* CreateClassVC.swift */ = {isa = PBXFileReference; lastKnownFileType = sourcecode.swift; path = CreateClassVC.swift; sourceTree = "<group>"; };
		EDD8C390218715FC008DA9E7 /* PlugTextField.swift */ = {isa = PBXFileReference; lastKnownFileType = sourcecode.swift; path = PlugTextField.swift; sourceTree = "<group>"; };
		EDD8C3952187243C008DA9E7 /* HomeVC.swift */ = {isa = PBXFileReference; lastKnownFileType = sourcecode.swift; path = HomeVC.swift; sourceTree = "<group>"; };
		EDD8C397218964CF008DA9E7 /* HomeHeaderView.swift */ = {isa = PBXFileReference; lastKnownFileType = sourcecode.swift; path = HomeHeaderView.swift; sourceTree = "<group>"; };
		EDD8C399218964E5008DA9E7 /* HomeHeaderView.xib */ = {isa = PBXFileReference; lastKnownFileType = file.xib; path = HomeHeaderView.xib; sourceTree = "<group>"; };
		EDD8C39B2189693D008DA9E7 /* HomeHeaderCell.xib */ = {isa = PBXFileReference; lastKnownFileType = file.xib; path = HomeHeaderCell.xib; sourceTree = "<group>"; };
		EDD8C39D21896F80008DA9E7 /* HomeHeaderCell.swift */ = {isa = PBXFileReference; lastKnownFileType = sourcecode.swift; path = HomeHeaderCell.swift; sourceTree = "<group>"; };
		EDD8C39F218D7765008DA9E7 /* Class.storyboard */ = {isa = PBXFileReference; lastKnownFileType = file.storyboard; path = Class.storyboard; sourceTree = "<group>"; };
		EDD8C3A1218D77CC008DA9E7 /* ClassTVC.swift */ = {isa = PBXFileReference; lastKnownFileType = sourcecode.swift; path = ClassTVC.swift; sourceTree = "<group>"; };
		EDD8C3A3218ED036008DA9E7 /* User.swift */ = {isa = PBXFileReference; lastKnownFileType = sourcecode.swift; path = User.swift; sourceTree = "<group>"; };
		EDD8C3A5218ED1CB008DA9E7 /* ClassHeader.xib */ = {isa = PBXFileReference; lastKnownFileType = file.xib; path = ClassHeader.xib; sourceTree = "<group>"; };
		EDD8C3A7218ED25C008DA9E7 /* ClassHeader.swift */ = {isa = PBXFileReference; lastKnownFileType = sourcecode.swift; path = ClassHeader.swift; sourceTree = "<group>"; };
		EDE731D6217B4E7000D302DF /* Plug.app */ = {isa = PBXFileReference; explicitFileType = wrapper.application; includeInIndex = 0; path = Plug.app; sourceTree = BUILT_PRODUCTS_DIR; };
		EDE731D9217B4E7000D302DF /* AppDelegate.swift */ = {isa = PBXFileReference; lastKnownFileType = sourcecode.swift; path = AppDelegate.swift; sourceTree = "<group>"; };
		EDE731DB217B4E7000D302DF /* ViewController.swift */ = {isa = PBXFileReference; lastKnownFileType = sourcecode.swift; path = ViewController.swift; sourceTree = "<group>"; };
		EDE731DE217B4E7000D302DF /* Base */ = {isa = PBXFileReference; lastKnownFileType = file.storyboard; name = Base; path = Base.lproj/Main.storyboard; sourceTree = "<group>"; };
		EDE731E0217B4E7100D302DF /* Assets.xcassets */ = {isa = PBXFileReference; lastKnownFileType = folder.assetcatalog; path = Assets.xcassets; sourceTree = "<group>"; };
		EDE731E3217B4E7100D302DF /* Base */ = {isa = PBXFileReference; lastKnownFileType = file.storyboard; name = Base; path = Base.lproj/LaunchScreen.storyboard; sourceTree = "<group>"; };
		EDE731E5217B4E7100D302DF /* Info.plist */ = {isa = PBXFileReference; lastKnownFileType = text.plist.xml; path = Info.plist; sourceTree = "<group>"; };
		EDE731EB217C1D1100D302DF /* UIColor+Additions.swift */ = {isa = PBXFileReference; fileEncoding = 4; lastKnownFileType = sourcecode.swift; path = "UIColor+Additions.swift"; sourceTree = "<group>"; };
		EDE731ED217C1D3E00D302DF /* Strings.swift */ = {isa = PBXFileReference; lastKnownFileType = sourcecode.swift; path = Strings.swift; sourceTree = "<group>"; };
		EDE731EF217C20A600D302DF /* ViewController+Extensions.swift */ = {isa = PBXFileReference; lastKnownFileType = sourcecode.swift; path = "ViewController+Extensions.swift"; sourceTree = "<group>"; };
		F64DDDE6650DF586CD6AFD19 /* Pods-Plug.release.xcconfig */ = {isa = PBXFileReference; includeInIndex = 1; lastKnownFileType = text.xcconfig; name = "Pods-Plug.release.xcconfig"; path = "Pods/Target Support Files/Pods-Plug/Pods-Plug.release.xcconfig"; sourceTree = "<group>"; };
/* End PBXFileReference section */

/* Begin PBXFrameworksBuildPhase section */
		EDE731D3217B4E7000D302DF /* Frameworks */ = {
			isa = PBXFrameworksBuildPhase;
			buildActionMask = 2147483647;
			files = (
				56611547AFA62ECD403A81D3 /* Pods_Plug.framework in Frameworks */,
			);
			runOnlyForDeploymentPostprocessing = 0;
		};
/* End PBXFrameworksBuildPhase section */

/* Begin PBXGroup section */
		30E4AA3D87D91C47FE7F7BCC /* Pods */ = {
			isa = PBXGroup;
			children = (
				1E7000862644967775012EAA /* Pods-Plug.debug.xcconfig */,
				F64DDDE6650DF586CD6AFD19 /* Pods-Plug.release.xcconfig */,
			);
			name = Pods;
			sourceTree = "<group>";
		};
		E99EA7AB4A5EC20FCF99424D /* Frameworks */ = {
			isa = PBXGroup;
			children = (
				C95E6B84EAAB476DF8BC3F42 /* Pods_Plug.framework */,
			);
			name = Frameworks;
			sourceTree = "<group>";
		};
		ED3D980821A05FB300B61748 /* Chat */ = {
			isa = PBXGroup;
			children = (
				EDD8C3952187243C008DA9E7 /* HomeVC.swift */,
			);
			path = Chat;
			sourceTree = "<group>";
		};
		ED3D980B21A05FF000B61748 /* Note */ = {
			isa = PBXGroup;
			children = (
				ED3D980921A05FE100B61748 /* NoteMainVC.swift */,
			);
			path = Note;
			sourceTree = "<group>";
		};
		EDD8C39221872405008DA9E7 /* Views */ = {
			isa = PBXGroup;
			children = (
				EDE731EF217C20A600D302DF /* ViewController+Extensions.swift */,
				ED1FB5AB217E00880075C4CE /* WideButton.swift */,
				EDD8C390218715FC008DA9E7 /* PlugTextField.swift */,
				EDD8C397218964CF008DA9E7 /* HomeHeaderView.swift */,
				EDD8C399218964E5008DA9E7 /* HomeHeaderView.xib */,
				EDD8C39B2189693D008DA9E7 /* HomeHeaderCell.xib */,
				EDD8C39D21896F80008DA9E7 /* HomeHeaderCell.swift */,
				EDD8C3A5218ED1CB008DA9E7 /* ClassHeader.xib */,
				EDD8C3A7218ED25C008DA9E7 /* ClassHeader.swift */,
				ED3D980E21A0695B00B61748 /* NotePlainCell.swift */,
			);
			path = Views;
			sourceTree = "<group>";
		};
		EDD8C3932187240D008DA9E7 /* Extensions */ = {
			isa = PBXGroup;
			children = (
				EDE731EB217C1D1100D302DF /* UIColor+Additions.swift */,
				ED1FB5AF217E05240075C4CE /* MNFunction.swift */,
				ED1FB5AD217E019F0075C4CE /* UIFont+Additions.swift */,
				EDD8C3A3218ED036008DA9E7 /* User.swift */,
				ED3D980C21A060E000B61748 /* NoteModel.swift */,
				ED5D58D121B3D3D8001EB2A2 /* Network.swift */,
				ED7D59CC21B3DCA90029E80A /* Queries.swift */,
			);
			path = Extensions;
			sourceTree = "<group>";
		};
		EDD8C3942187241E008DA9E7 /* Join */ = {
			isa = PBXGroup;
			children = (
				EDE731DB217B4E7000D302DF /* ViewController.swift */,
				ED1FB5B1217E06650075C4CE /* LoginVC.swift */,
				EDAE3A4D217E13020015EAF2 /* PasswdVC.swift */,
				EDAE3A4F217E15BA0015EAF2 /* JoinVC.swift */,
				EDAE3A51217E175A0015EAF2 /* CodeVC.swift */,
				EDAE3A53217E37B60015EAF2 /* ProfileImageVC.swift */,
				EDD8C38E218710A3008DA9E7 /* CreateClassVC.swift */,
				EDB373EA218ED8CD00F4A8BF /* InviteCodeVC.swift */,
				ED3D981021A111CD00B61748 /* StartVC.swift */,
			);
			path = Join;
			sourceTree = "<group>";
		};
		EDD8C3A9218ED4A8008DA9E7 /* Class */ = {
			isa = PBXGroup;
			children = (
				EDD8C3A1218D77CC008DA9E7 /* ClassTVC.swift */,
				EDB373E6218ED85100F4A8BF /* CreateClassVC2.swift */,
				EDB373E8218ED87A00F4A8BF /* InviteCodeVC2.swift */,
				EDB373EC218EE9E900F4A8BF /* SelectClassTVC.swift */,
				EDB373EE218FE31500F4A8BF /* ManageClassVC.swift */,
				ED3D980421A0187200B61748 /* EditClassVC.swift */,
			);
			path = Class;
			sourceTree = "<group>";
		};
		EDE731CD217B4E7000D302DF = {
			isa = PBXGroup;
			children = (
				EDE731D8217B4E7000D302DF /* Plug */,
				EDE731D7217B4E7000D302DF /* Products */,
				30E4AA3D87D91C47FE7F7BCC /* Pods */,
				E99EA7AB4A5EC20FCF99424D /* Frameworks */,
			);
			sourceTree = "<group>";
		};
		EDE731D7217B4E7000D302DF /* Products */ = {
			isa = PBXGroup;
			children = (
				EDE731D6217B4E7000D302DF /* Plug.app */,
			);
			name = Products;
			sourceTree = "<group>";
		};
		EDE731D8217B4E7000D302DF /* Plug */ = {
			isa = PBXGroup;
			children = (
				ED5D58CF21B3D3B2001EB2A2 /* schema.json */,
				ED7D59C821B3D89D0029E80A /* Queries.graphql */,
				EDE731D9217B4E7000D302DF /* AppDelegate.swift */,
				ED7D59D021B3FEAE0029E80A /* API.swift */,
				ED7D59D221B43BBE0029E80A /* Secret.swift */,
				EDD8C3932187240D008DA9E7 /* Extensions */,
				EDD8C39221872405008DA9E7 /* Views */,
				ED3D980821A05FB300B61748 /* Chat */,
				EDD8C3942187241E008DA9E7 /* Join */,
				EDD8C3A9218ED4A8008DA9E7 /* Class */,
				ED3D980B21A05FF000B61748 /* Note */,
				EDE731DD217B4E7000D302DF /* Main.storyboard */,
				ED1FB5B3217E0BAB0075C4CE /* Chat.storyboard */,
				EDD8C39F218D7765008DA9E7 /* Class.storyboard */,
				ED3D980621A05E6300B61748 /* Note.storyboard */,
				EDE731E0217B4E7100D302DF /* Assets.xcassets */,
				EDE731E2217B4E7100D302DF /* LaunchScreen.storyboard */,
				EDE731E5217B4E7100D302DF /* Info.plist */,
				EDE731ED217C1D3E00D302DF /* Strings.swift */,
			);
			path = Plug;
			sourceTree = "<group>";
		};
/* End PBXGroup section */

/* Begin PBXNativeTarget section */
		EDE731D5217B4E7000D302DF /* Plug */ = {
			isa = PBXNativeTarget;
			buildConfigurationList = EDE731E8217B4E7100D302DF /* Build configuration list for PBXNativeTarget "Plug" */;
			buildPhases = (
				A1C3FC55F00CF14CF8FC5B9D /* [CP] Check Pods Manifest.lock */,
				ED5D58CD21B3D2A0001EB2A2 /* Generate Apollo GraphQL API */,
				EDE731D2217B4E7000D302DF /* Sources */,
				EDE731D3217B4E7000D302DF /* Frameworks */,
				EDE731D4217B4E7000D302DF /* Resources */,
				18037A9665CF310AB17E0D66 /* [CP] Embed Pods Frameworks */,
			);
			buildRules = (
			);
			dependencies = (
			);
			name = Plug;
			productName = Plug;
			productReference = EDE731D6217B4E7000D302DF /* Plug.app */;
			productType = "com.apple.product-type.application";
		};
/* End PBXNativeTarget section */

/* Begin PBXProject section */
		EDE731CE217B4E7000D302DF /* Project object */ = {
			isa = PBXProject;
			attributes = {
				LastSwiftUpdateCheck = 0940;
				LastUpgradeCheck = 0940;
				ORGANIZATIONNAME = changmin;
				TargetAttributes = {
					EDE731D5217B4E7000D302DF = {
						CreatedOnToolsVersion = 9.4.1;
					};
				};
			};
			buildConfigurationList = EDE731D1217B4E7000D302DF /* Build configuration list for PBXProject "Plug" */;
			compatibilityVersion = "Xcode 9.3";
			developmentRegion = en;
			hasScannedForEncodings = 0;
			knownRegions = (
				en,
				Base,
			);
			mainGroup = EDE731CD217B4E7000D302DF;
			productRefGroup = EDE731D7217B4E7000D302DF /* Products */;
			projectDirPath = "";
			projectRoot = "";
			targets = (
				EDE731D5217B4E7000D302DF /* Plug */,
			);
		};
/* End PBXProject section */

/* Begin PBXResourcesBuildPhase section */
		EDE731D4217B4E7000D302DF /* Resources */ = {
			isa = PBXResourcesBuildPhase;
			buildActionMask = 2147483647;
			files = (
				EDE731E4217B4E7100D302DF /* LaunchScreen.storyboard in Resources */,
				EDD8C3A0218D7765008DA9E7 /* Class.storyboard in Resources */,
				ED3D980721A05E6300B61748 /* Note.storyboard in Resources */,
				EDD8C39A218964E5008DA9E7 /* HomeHeaderView.xib in Resources */,
				EDE731E1217B4E7100D302DF /* Assets.xcassets in Resources */,
				ED1FB5B4217E0BAB0075C4CE /* Chat.storyboard in Resources */,
				ED7D59C921B3D89D0029E80A /* Queries.graphql in Resources */,
				ED5D58D021B3D3B2001EB2A2 /* schema.json in Resources */,
				EDE731DF217B4E7000D302DF /* Main.storyboard in Resources */,
				EDD8C39C2189693D008DA9E7 /* HomeHeaderCell.xib in Resources */,
				EDD8C3A6218ED1CB008DA9E7 /* ClassHeader.xib in Resources */,
			);
			runOnlyForDeploymentPostprocessing = 0;
		};
/* End PBXResourcesBuildPhase section */

/* Begin PBXShellScriptBuildPhase section */
		18037A9665CF310AB17E0D66 /* [CP] Embed Pods Frameworks */ = {
			isa = PBXShellScriptBuildPhase;
			buildActionMask = 2147483647;
			files = (
			);
			inputPaths = (
				"${SRCROOT}/Pods/Target Support Files/Pods-Plug/Pods-Plug-frameworks.sh",
				"${BUILT_PRODUCTS_DIR}/Alamofire/Alamofire.framework",
				"${BUILT_PRODUCTS_DIR}/Apollo/Apollo.framework",
				"${BUILT_PRODUCTS_DIR}/CropViewController/CropViewController.framework",
				"${BUILT_PRODUCTS_DIR}/Kingfisher/Kingfisher.framework",
				"${BUILT_PRODUCTS_DIR}/SkyFloatingLabelTextField/SkyFloatingLabelTextField.framework",
				"${BUILT_PRODUCTS_DIR}/TOCropViewController/TOCropViewController.framework",
			);
			name = "[CP] Embed Pods Frameworks";
			outputPaths = (
				"${TARGET_BUILD_DIR}/${FRAMEWORKS_FOLDER_PATH}/Alamofire.framework",
				"${TARGET_BUILD_DIR}/${FRAMEWORKS_FOLDER_PATH}/Apollo.framework",
				"${TARGET_BUILD_DIR}/${FRAMEWORKS_FOLDER_PATH}/CropViewController.framework",
				"${TARGET_BUILD_DIR}/${FRAMEWORKS_FOLDER_PATH}/Kingfisher.framework",
				"${TARGET_BUILD_DIR}/${FRAMEWORKS_FOLDER_PATH}/SkyFloatingLabelTextField.framework",
				"${TARGET_BUILD_DIR}/${FRAMEWORKS_FOLDER_PATH}/TOCropViewController.framework",
			);
			runOnlyForDeploymentPostprocessing = 0;
			shellPath = /bin/sh;
			shellScript = "\"${SRCROOT}/Pods/Target Support Files/Pods-Plug/Pods-Plug-frameworks.sh\"\n";
			showEnvVarsInLog = 0;
		};
		A1C3FC55F00CF14CF8FC5B9D /* [CP] Check Pods Manifest.lock */ = {
			isa = PBXShellScriptBuildPhase;
			buildActionMask = 2147483647;
			files = (
			);
			inputPaths = (
				"${PODS_PODFILE_DIR_PATH}/Podfile.lock",
				"${PODS_ROOT}/Manifest.lock",
			);
			name = "[CP] Check Pods Manifest.lock";
			outputPaths = (
				"$(DERIVED_FILE_DIR)/Pods-Plug-checkManifestLockResult.txt",
			);
			runOnlyForDeploymentPostprocessing = 0;
			shellPath = /bin/sh;
			shellScript = "diff \"${PODS_PODFILE_DIR_PATH}/Podfile.lock\" \"${PODS_ROOT}/Manifest.lock\" > /dev/null\nif [ $? != 0 ] ; then\n    # print error to STDERR\n    echo \"error: The sandbox is not in sync with the Podfile.lock. Run 'pod install' or update your CocoaPods installation.\" >&2\n    exit 1\nfi\n# This output is used by Xcode 'outputs' to avoid re-running this script phase.\necho \"SUCCESS\" > \"${SCRIPT_OUTPUT_FILE_0}\"\n";
			showEnvVarsInLog = 0;
		};
		ED5D58CD21B3D2A0001EB2A2 /* Generate Apollo GraphQL API */ = {
			isa = PBXShellScriptBuildPhase;
			buildActionMask = 12;
			files = (
			);
			inputFileListPaths = (
			);
			inputPaths = (
			);
			name = "Generate Apollo GraphQL API";
			outputFileListPaths = (
			);
			outputPaths = (
			);
			runOnlyForDeploymentPostprocessing = 0;
			shellPath = /bin/sh;
			shellScript = "APOLLO_FRAMEWORK_PATH=\"$(eval find $FRAMEWORK_SEARCH_PATHS -name \"Apollo.framework\" -maxdepth 1)\"\n\nif [ -z \"$APOLLO_FRAMEWORK_PATH\" ]; then\necho \"error: Couldn't find Apollo.framework in FRAMEWORK_SEARCH_PATHS; make sure to add the framework to your project.\"\nexit 1\nfi\n\ncd \"${SRCROOT}/${TARGET_NAME}\"\n$APOLLO_FRAMEWORK_PATH/check-and-run-apollo-cli.sh codegen:generate --queries=\"$(find . -name '*.graphql')\" --schema=schema.json API.swift\n\n";
		};
/* End PBXShellScriptBuildPhase section */

/* Begin PBXSourcesBuildPhase section */
		EDE731D2217B4E7000D302DF /* Sources */ = {
			isa = PBXSourcesBuildPhase;
			buildActionMask = 2147483647;
			files = (
				EDE731DC217B4E7000D302DF /* ViewController.swift in Sources */,
				ED7D59D321B43BBE0029E80A /* Secret.swift in Sources */,
				EDAE3A50217E15BA0015EAF2 /* JoinVC.swift in Sources */,
				EDE731F0217C20A600D302DF /* ViewController+Extensions.swift in Sources */,
				EDE731DA217B4E7000D302DF /* AppDelegate.swift in Sources */,
				EDB373E7218ED85100F4A8BF /* CreateClassVC2.swift in Sources */,
				EDAE3A54217E37B60015EAF2 /* ProfileImageVC.swift in Sources */,
				ED7D59CD21B3DCA90029E80A /* Queries.swift in Sources */,
				EDE731EE217C1D3E00D302DF /* Strings.swift in Sources */,
				ED3D980A21A05FE100B61748 /* NoteMainVC.swift in Sources */,
				ED3D980521A0187200B61748 /* EditClassVC.swift in Sources */,
				ED1FB5B0217E05240075C4CE /* MNFunction.swift in Sources */,
				ED3D980F21A0695B00B61748 /* NotePlainCell.swift in Sources */,
				EDD8C39E21896F80008DA9E7 /* HomeHeaderCell.swift in Sources */,
				EDD8C3A4218ED036008DA9E7 /* User.swift in Sources */,
				EDB373E9218ED87A00F4A8BF /* InviteCodeVC2.swift in Sources */,
				EDB373ED218EE9E900F4A8BF /* SelectClassTVC.swift in Sources */,
				ED1FB5B2217E06650075C4CE /* LoginVC.swift in Sources */,
				ED3D981121A111CD00B61748 /* StartVC.swift in Sources */,
				EDD8C398218964CF008DA9E7 /* HomeHeaderView.swift in Sources */,
				ED5D58D221B3D3D8001EB2A2 /* Network.swift in Sources */,
				EDD8C3A8218ED25C008DA9E7 /* ClassHeader.swift in Sources */,
				EDD8C391218715FC008DA9E7 /* PlugTextField.swift in Sources */,
				EDD8C3962187243C008DA9E7 /* HomeVC.swift in Sources */,
				EDB373EB218ED8CD00F4A8BF /* InviteCodeVC.swift in Sources */,
				ED1FB5AC217E00880075C4CE /* WideButton.swift in Sources */,
				EDE731EC217C1D1100D302DF /* UIColor+Additions.swift in Sources */,
				EDAE3A4E217E13020015EAF2 /* PasswdVC.swift in Sources */,
				EDD8C38F218710A3008DA9E7 /* CreateClassVC.swift in Sources */,
				EDB373EF218FE31500F4A8BF /* ManageClassVC.swift in Sources */,
				ED3D980D21A060E000B61748 /* NoteModel.swift in Sources */,
				ED1FB5AE217E019F0075C4CE /* UIFont+Additions.swift in Sources */,
				EDD8C3A2218D77CC008DA9E7 /* ClassTVC.swift in Sources */,
				ED7D59D121B3FEAE0029E80A /* API.swift in Sources */,
				EDAE3A52217E175A0015EAF2 /* CodeVC.swift in Sources */,
			);
			runOnlyForDeploymentPostprocessing = 0;
		};
/* End PBXSourcesBuildPhase section */

/* Begin PBXVariantGroup section */
		EDE731DD217B4E7000D302DF /* Main.storyboard */ = {
			isa = PBXVariantGroup;
			children = (
				EDE731DE217B4E7000D302DF /* Base */,
			);
			name = Main.storyboard;
			sourceTree = "<group>";
		};
		EDE731E2217B4E7100D302DF /* LaunchScreen.storyboard */ = {
			isa = PBXVariantGroup;
			children = (
				EDE731E3217B4E7100D302DF /* Base */,
			);
			name = LaunchScreen.storyboard;
			sourceTree = "<group>";
		};
/* End PBXVariantGroup section */

/* Begin XCBuildConfiguration section */
		EDE731E6217B4E7100D302DF /* Debug */ = {
			isa = XCBuildConfiguration;
			buildSettings = {
				ALWAYS_SEARCH_USER_PATHS = NO;
				CLANG_ANALYZER_NONNULL = YES;
				CLANG_ANALYZER_NUMBER_OBJECT_CONVERSION = YES_AGGRESSIVE;
				CLANG_CXX_LANGUAGE_STANDARD = "gnu++14";
				CLANG_CXX_LIBRARY = "libc++";
				CLANG_ENABLE_MODULES = YES;
				CLANG_ENABLE_OBJC_ARC = YES;
				CLANG_ENABLE_OBJC_WEAK = YES;
				CLANG_WARN_BLOCK_CAPTURE_AUTORELEASING = YES;
				CLANG_WARN_BOOL_CONVERSION = YES;
				CLANG_WARN_COMMA = YES;
				CLANG_WARN_CONSTANT_CONVERSION = YES;
				CLANG_WARN_DEPRECATED_OBJC_IMPLEMENTATIONS = YES;
				CLANG_WARN_DIRECT_OBJC_ISA_USAGE = YES_ERROR;
				CLANG_WARN_DOCUMENTATION_COMMENTS = YES;
				CLANG_WARN_EMPTY_BODY = YES;
				CLANG_WARN_ENUM_CONVERSION = YES;
				CLANG_WARN_INFINITE_RECURSION = YES;
				CLANG_WARN_INT_CONVERSION = YES;
				CLANG_WARN_NON_LITERAL_NULL_CONVERSION = YES;
				CLANG_WARN_OBJC_IMPLICIT_RETAIN_SELF = YES;
				CLANG_WARN_OBJC_LITERAL_CONVERSION = YES;
				CLANG_WARN_OBJC_ROOT_CLASS = YES_ERROR;
				CLANG_WARN_RANGE_LOOP_ANALYSIS = YES;
				CLANG_WARN_STRICT_PROTOTYPES = YES;
				CLANG_WARN_SUSPICIOUS_MOVE = YES;
				CLANG_WARN_UNGUARDED_AVAILABILITY = YES_AGGRESSIVE;
				CLANG_WARN_UNREACHABLE_CODE = YES;
				CLANG_WARN__DUPLICATE_METHOD_MATCH = YES;
				CODE_SIGN_IDENTITY = "iPhone Developer";
				COPY_PHASE_STRIP = NO;
				DEBUG_INFORMATION_FORMAT = dwarf;
				ENABLE_STRICT_OBJC_MSGSEND = YES;
				ENABLE_TESTABILITY = YES;
				GCC_C_LANGUAGE_STANDARD = gnu11;
				GCC_DYNAMIC_NO_PIC = NO;
				GCC_NO_COMMON_BLOCKS = YES;
				GCC_OPTIMIZATION_LEVEL = 0;
				GCC_PREPROCESSOR_DEFINITIONS = (
					"DEBUG=1",
					"$(inherited)",
				);
				GCC_WARN_64_TO_32_BIT_CONVERSION = YES;
				GCC_WARN_ABOUT_RETURN_TYPE = YES_ERROR;
				GCC_WARN_UNDECLARED_SELECTOR = YES;
				GCC_WARN_UNINITIALIZED_AUTOS = YES_AGGRESSIVE;
				GCC_WARN_UNUSED_FUNCTION = YES;
				GCC_WARN_UNUSED_VARIABLE = YES;
				IPHONEOS_DEPLOYMENT_TARGET = 11.4;
				MTL_ENABLE_DEBUG_INFO = YES;
				ONLY_ACTIVE_ARCH = YES;
				SDKROOT = iphoneos;
				SWIFT_ACTIVE_COMPILATION_CONDITIONS = DEBUG;
				SWIFT_OPTIMIZATION_LEVEL = "-Onone";
			};
			name = Debug;
		};
		EDE731E7217B4E7100D302DF /* Release */ = {
			isa = XCBuildConfiguration;
			buildSettings = {
				ALWAYS_SEARCH_USER_PATHS = NO;
				CLANG_ANALYZER_NONNULL = YES;
				CLANG_ANALYZER_NUMBER_OBJECT_CONVERSION = YES_AGGRESSIVE;
				CLANG_CXX_LANGUAGE_STANDARD = "gnu++14";
				CLANG_CXX_LIBRARY = "libc++";
				CLANG_ENABLE_MODULES = YES;
				CLANG_ENABLE_OBJC_ARC = YES;
				CLANG_ENABLE_OBJC_WEAK = YES;
				CLANG_WARN_BLOCK_CAPTURE_AUTORELEASING = YES;
				CLANG_WARN_BOOL_CONVERSION = YES;
				CLANG_WARN_COMMA = YES;
				CLANG_WARN_CONSTANT_CONVERSION = YES;
				CLANG_WARN_DEPRECATED_OBJC_IMPLEMENTATIONS = YES;
				CLANG_WARN_DIRECT_OBJC_ISA_USAGE = YES_ERROR;
				CLANG_WARN_DOCUMENTATION_COMMENTS = YES;
				CLANG_WARN_EMPTY_BODY = YES;
				CLANG_WARN_ENUM_CONVERSION = YES;
				CLANG_WARN_INFINITE_RECURSION = YES;
				CLANG_WARN_INT_CONVERSION = YES;
				CLANG_WARN_NON_LITERAL_NULL_CONVERSION = YES;
				CLANG_WARN_OBJC_IMPLICIT_RETAIN_SELF = YES;
				CLANG_WARN_OBJC_LITERAL_CONVERSION = YES;
				CLANG_WARN_OBJC_ROOT_CLASS = YES_ERROR;
				CLANG_WARN_RANGE_LOOP_ANALYSIS = YES;
				CLANG_WARN_STRICT_PROTOTYPES = YES;
				CLANG_WARN_SUSPICIOUS_MOVE = YES;
				CLANG_WARN_UNGUARDED_AVAILABILITY = YES_AGGRESSIVE;
				CLANG_WARN_UNREACHABLE_CODE = YES;
				CLANG_WARN__DUPLICATE_METHOD_MATCH = YES;
				CODE_SIGN_IDENTITY = "iPhone Developer";
				COPY_PHASE_STRIP = NO;
				DEBUG_INFORMATION_FORMAT = "dwarf-with-dsym";
				ENABLE_NS_ASSERTIONS = NO;
				ENABLE_STRICT_OBJC_MSGSEND = YES;
				GCC_C_LANGUAGE_STANDARD = gnu11;
				GCC_NO_COMMON_BLOCKS = YES;
				GCC_WARN_64_TO_32_BIT_CONVERSION = YES;
				GCC_WARN_ABOUT_RETURN_TYPE = YES_ERROR;
				GCC_WARN_UNDECLARED_SELECTOR = YES;
				GCC_WARN_UNINITIALIZED_AUTOS = YES_AGGRESSIVE;
				GCC_WARN_UNUSED_FUNCTION = YES;
				GCC_WARN_UNUSED_VARIABLE = YES;
				IPHONEOS_DEPLOYMENT_TARGET = 11.4;
				MTL_ENABLE_DEBUG_INFO = NO;
				SDKROOT = iphoneos;
				SWIFT_COMPILATION_MODE = wholemodule;
				SWIFT_OPTIMIZATION_LEVEL = "-O";
				VALIDATE_PRODUCT = YES;
			};
			name = Release;
		};
		EDE731E9217B4E7100D302DF /* Debug */ = {
			isa = XCBuildConfiguration;
			baseConfigurationReference = 1E7000862644967775012EAA /* Pods-Plug.debug.xcconfig */;
			buildSettings = {
				ASSETCATALOG_COMPILER_APPICON_NAME = AppIcon;
				CODE_SIGN_STYLE = Automatic;
				DEVELOPMENT_TEAM = 47RZ4GF77T;
				INFOPLIST_FILE = Plug/Info.plist;
				IPHONEOS_DEPLOYMENT_TARGET = 10.0;
				LD_RUNPATH_SEARCH_PATHS = (
					"$(inherited)",
					"@executable_path/Frameworks",
				);
				PRODUCT_BUNDLE_IDENTIFIER = changmin.Plug;
				PRODUCT_NAME = "$(TARGET_NAME)";
				SWIFT_VERSION = 4.0;
				TARGETED_DEVICE_FAMILY = "1,2";
			};
			name = Debug;
		};
		EDE731EA217B4E7100D302DF /* Release */ = {
			isa = XCBuildConfiguration;
			baseConfigurationReference = F64DDDE6650DF586CD6AFD19 /* Pods-Plug.release.xcconfig */;
			buildSettings = {
				ASSETCATALOG_COMPILER_APPICON_NAME = AppIcon;
				CODE_SIGN_STYLE = Automatic;
				DEVELOPMENT_TEAM = 47RZ4GF77T;
				INFOPLIST_FILE = Plug/Info.plist;
				IPHONEOS_DEPLOYMENT_TARGET = 10.0;
				LD_RUNPATH_SEARCH_PATHS = (
					"$(inherited)",
					"@executable_path/Frameworks",
				);
				PRODUCT_BUNDLE_IDENTIFIER = changmin.Plug;
				PRODUCT_NAME = "$(TARGET_NAME)";
				SWIFT_VERSION = 4.0;
				TARGETED_DEVICE_FAMILY = "1,2";
			};
			name = Release;
		};
/* End XCBuildConfiguration section */

/* Begin XCConfigurationList section */
		EDE731D1217B4E7000D302DF /* Build configuration list for PBXProject "Plug" */ = {
			isa = XCConfigurationList;
			buildConfigurations = (
				EDE731E6217B4E7100D302DF /* Debug */,
				EDE731E7217B4E7100D302DF /* Release */,
			);
			defaultConfigurationIsVisible = 0;
			defaultConfigurationName = Release;
		};
		EDE731E8217B4E7100D302DF /* Build configuration list for PBXNativeTarget "Plug" */ = {
			isa = XCConfigurationList;
			buildConfigurations = (
				EDE731E9217B4E7100D302DF /* Debug */,
				EDE731EA217B4E7100D302DF /* Release */,
			);
			defaultConfigurationIsVisible = 0;
			defaultConfigurationName = Release;
		};
/* End XCConfigurationList section */
	};
	rootObject = EDE731CE217B4E7000D302DF /* Project object */;
}
